{
  "nodes": {
    "elisp-helpers": {
      "inputs": {
        "fromElisp": "fromElisp"
      },
      "locked": {
        "lastModified": 1731255950,
        "narHash": "sha256-UGlUKUuu1zUF0EmvtBfND4wx4Q7zlAMohu1R/t4r3Us=",
        "owner": "emacs-twist",
        "repo": "elisp-helpers",
        "rev": "1505c9dad4662ea8ef27b4d1aa666a8caff96f8b",
        "type": "github"
      },
      "original": {
        "owner": "emacs-twist",
        "repo": "elisp-helpers",
        "type": "github"
      }
    },
    "emacs-lsp-booster": {
      "inputs": {
        "nixpkgs": [
          "nixpkgs"
        ]
      },
      "locked": {
        "lastModified": 1716274896,
        "narHash": "sha256-WsyEkdt8ReGQ40+yV4Cb99A2MEmV0O/i6rmFQura5ww=",
        "owner": "slotThe",
        "repo": "emacs-lsp-booster-flake",
        "rev": "7d110295988fc9bf7fd43bb0cabfbe58a4a5ecf8",
        "type": "github"
      },
      "original": {
        "owner": "slotThe",
        "repo": "emacs-lsp-booster-flake",
        "type": "github"
      }
    },
    "emacs-patched": {
      "flake": false,
      "locked": {
        "lastModified": 1736046725,
        "narHash": "sha256-3VMPZywqzpUZ9NukfyOyd2qkOK5qebhxsD0/tV5emuw=",
        "owner": "jordanisaacs",
        "repo": "emacs",
        "rev": "3a3e938f8dc1fc2131afa93f91f19293316f0cdf",
        "type": "github"
      },
      "original": {
        "owner": "jordanisaacs",
        "repo": "emacs",
        "type": "github"
      }
    },
    "emacs-unstable": {
      "inputs": {
        "nixpkgs": "nixpkgs",
        "nixpkgs-stable": "nixpkgs-stable"
      },
      "locked": {
        "lastModified": 1736010699,
        "narHash": "sha256-m6dGA38UAOmXH4LxDsB38f9/sEo8Ohi+xTADN2+41Zk=",
        "owner": "nix-community",
        "repo": "emacs-overlay",
        "rev": "cd0b5744ec96eaf43b1094c512fa8451c2a26f41",
        "type": "github"
      },
      "original": {
        "owner": "nix-community",
        "repo": "emacs-overlay",
        "type": "github"
      }
    },
    "flake-parts": {
      "inputs": {
        "nixpkgs-lib": "nixpkgs-lib"
      },
      "locked": {
        "lastModified": 1735774679,
        "narHash": "sha256-soePLBazJk0qQdDVhdbM98vYdssfs3WFedcq+raipRI=",
        "owner": "hercules-ci",
        "repo": "flake-parts",
        "rev": "f2f7418ce0ab4a5309a4596161d154cfc877af66",
        "type": "github"
      },
      "original": {
        "id": "flake-parts",
        "type": "indirect"
      }
    },
    "fromElisp": {
      "flake": false,
      "locked": {
        "lastModified": 1723987997,
        "narHash": "sha256-OhaVgTG6zjLByzl+uPTvtCld3p2uqgbCXmOl/s3LVRo=",
        "owner": "talyz",
        "repo": "fromElisp",
        "rev": "f071a0e262c02c0895b575c4e322b7fd90713543",
        "type": "github"
      },
      "original": {
        "owner": "talyz",
        "repo": "fromElisp",
        "type": "github"
      }
    },
    "gnu-elpa": {
      "flake": false,
      "locked": {
        "lastModified": 1735990873,
        "narHash": "sha256-AFvWaf9CeHC/WtntjpHGQThyqFXtO3CvU1oNHK4Df4g=",
        "ref": "main",
        "rev": "5a54d3eadeea64fcdeafba8f20f7b97073cfa8b5",
        "revCount": 645,
        "type": "git",
        "url": "https://git.savannah.gnu.org/git/emacs/elpa.git"
      },
      "original": {
        "ref": "main",
        "type": "git",
        "url": "https://git.savannah.gnu.org/git/emacs/elpa.git"
      }
    },
    "melpa": {
      "flake": false,
      "locked": {
        "lastModified": 1735900502,
        "narHash": "sha256-KcVPXFKVSsbfqlFHulw+7RZPE/S2ct/JGeKEd4K8sgU=",
        "owner": "melpa",
        "repo": "melpa",
        "rev": "b51bc89476900ff52cfeeee5943ddee561bcb5dc",
        "type": "github"
      },
      "original": {
        "owner": "melpa",
        "repo": "melpa",
        "type": "github"
      }
    },
    "nixpkgs": {
      "locked": {
        "lastModified": 1735834308,
        "narHash": "sha256-dklw3AXr3OGO4/XT1Tu3Xz9n/we8GctZZ75ZWVqAVhk=",
        "owner": "NixOS",
        "repo": "nixpkgs",
        "rev": "6df24922a1400241dae323af55f30e4318a6ca65",
        "type": "github"
      },
      "original": {
        "owner": "NixOS",
        "ref": "nixos-unstable",
        "repo": "nixpkgs",
        "type": "github"
      }
    },
    "nixpkgs-lib": {
      "locked": {
        "lastModified": 1735774519,
        "narHash": "sha256-CewEm1o2eVAnoqb6Ml+Qi9Gg/EfNAxbRx1lANGVyoLI=",
        "type": "tarball",
        "url": "https://github.com/NixOS/nixpkgs/archive/e9b51731911566bbf7e4895475a87fe06961de0b.tar.gz"
      },
      "original": {
        "type": "tarball",
        "url": "https://github.com/NixOS/nixpkgs/archive/e9b51731911566bbf7e4895475a87fe06961de0b.tar.gz"
      }
    },
    "nixpkgs-stable": {
      "locked": {
        "lastModified": 1735922141,
        "narHash": "sha256-vk0xwGZSlvZ/596yxOtsk4gxsIx2VemzdjiU8zhjgWw=",
        "owner": "NixOS",
        "repo": "nixpkgs",
        "rev": "d29ab98cd4a70a387b8ceea3e930b3340d41ac5a",
        "type": "github"
      },
      "original": {
        "owner": "NixOS",
        "ref": "nixos-24.11",
        "repo": "nixpkgs",
        "type": "github"
      }
    },
    "nixpkgs_2": {
      "locked": {
        "lastModified": 1735915915,
        "narHash": "sha256-Q4HuFAvoKAIiTRZTUxJ0ZXeTC7lLfC9/dggGHNXNlCw=",
        "owner": "NixOS",
        "repo": "nixpkgs",
        "rev": "a27871180d30ebee8aa6b11bf7fef8a52f024733",
        "type": "github"
      },
      "original": {
        "id": "nixpkgs",
        "ref": "nixpkgs-unstable",
        "type": "indirect"
      }
    },
    "nongnu-elpa": {
      "flake": false,
      "locked": {
        "lastModified": 1735082674,
        "narHash": "sha256-stEaQ8u3lCYtHINO4rEGrqNReQWtWLjk7gLmsd01Cl8=",
        "ref": "main",
        "rev": "d141240b3c2cf746396f8b328bb92116e844b1dd",
        "revCount": 342,
        "type": "git",
        "url": "https://git.savannah.gnu.org/git/emacs/nongnu.git"
      },
      "original": {
        "ref": "main",
        "type": "git",
        "url": "https://git.savannah.gnu.org/git/emacs/nongnu.git"
      }
    },
    "org-babel": {
      "locked": {
        "lastModified": 1731256202,
        "narHash": "sha256-xtV0vIUhl3ZUzaUIHSaiWpybxyCgQ9Yp/MUGo3f5zvM=",
        "owner": "emacs-twist",
        "repo": "org-babel",
        "rev": "a5d16c54aca35c07af59d216cda598163512db42",
        "type": "github"
      },
      "original": {
        "owner": "emacs-twist",
        "repo": "org-babel",
        "type": "github"
      }
    },
    "root": {
      "inputs": {
        "emacs-lsp-booster": "emacs-lsp-booster",
        "emacs-patched": "emacs-patched",
        "emacs-unstable": "emacs-unstable",
        "flake-parts": "flake-parts",
        "gnu-elpa": "gnu-elpa",
        "melpa": "melpa",
        "nixpkgs": "nixpkgs_2",
        "nongnu-elpa": "nongnu-elpa",
        "org-babel": "org-babel",
        "systems": "systems",
        "twist": "twist",
        "twist-overrides": "twist-overrides"
      }
    },
    "systems": {
      "locked": {
        "lastModified": 1681028828,
        "narHash": "sha256-Vy1rq5AaRuLzOxct8nz4T6wlgyUR7zLU309k9mBC768=",
        "owner": "nix-systems",
        "repo": "default",
        "rev": "da67096a3b9bf56a91d16901293e51ba5b49a27e",
        "type": "github"
      },
      "original": {
        "owner": "nix-systems",
        "repo": "default",
        "type": "github"
      }
    },
    "twist": {
      "inputs": {
        "elisp-helpers": "elisp-helpers"
      },
      "locked": {
        "lastModified": 1734866330,
        "narHash": "sha256-NbLx7P1PnW6D1ZHUqfE7PRvYnQbT1vFAt1vYuAShaUw=",
        "owner": "jordanisaacs",
        "repo": "twist.nix",
        "rev": "8e365090e1767749b3bed87d6b95265a29d81a1a",
        "type": "github"
      },
      "original": {
        "owner": "jordanisaacs",
        "repo": "twist.nix",
        "type": "github"
      }
    },
    "twist-overrides": {
      "locked": {
        "lastModified": 1722071850,
        "narHash": "sha256-lyVZGFJo9mgKUGWtMGqGq6T3wQnzQwemNryM2USEKMc=",
        "owner": "emacs-twist",
        "repo": "overrides",
        "rev": "9dcd55a44ed7bf2324a1d2dc4579d5389ecac6b0",
        "type": "github"
      },
      "original": {
        "owner": "emacs-twist",
        "repo": "overrides",
        "type": "github"
      }
    }
  },
  "root": "root",
  "version": 7
}
