{
  "nodes": {
    "elisp-helpers": {
      "flake": false,
      "locked": {
        "lastModified": 1715829318,
        "narHash": "sha256-209M/fenTurHwvyjuJETw++wDykkIy7chdTCOFKLbjQ=",
        "owner": "emacs-twist",
        "repo": "elisp-helpers",
        "rev": "e71fdfbb82f1dbb74a14a037ac6c7861bcc61007",
        "type": "github"
      },
      "original": {
        "owner": "emacs-twist",
        "repo": "elisp-helpers",
        "type": "github"
      }
    },
    "emacs-lsp-booster": {
      "inputs": {
        "nixpkgs": [
          "nixpkgs"
        ]
      },
      "locked": {
        "lastModified": 1716274896,
        "narHash": "sha256-WsyEkdt8ReGQ40+yV4Cb99A2MEmV0O/i6rmFQura5ww=",
        "owner": "slotThe",
        "repo": "emacs-lsp-booster-flake",
        "rev": "7d110295988fc9bf7fd43bb0cabfbe58a4a5ecf8",
        "type": "github"
      },
      "original": {
        "owner": "slotThe",
        "repo": "emacs-lsp-booster-flake",
        "type": "github"
      }
    },
    "emacs-unstable": {
      "inputs": {
        "flake-utils": "flake-utils",
        "nixpkgs": "nixpkgs",
        "nixpkgs-stable": "nixpkgs-stable"
      },
      "locked": {
        "lastModified": 1719677802,
        "narHash": "sha256-hRmC0mX42/oKYDGAJNPmrtwIOCU+hGj/blaCdv3s7V8=",
        "owner": "nix-community",
        "repo": "emacs-overlay",
        "rev": "b87395d2c708ce7ad43020d941a734c26c063c94",
        "type": "github"
      },
      "original": {
        "owner": "nix-community",
        "repo": "emacs-overlay",
        "type": "github"
      }
    },
    "flake-parts": {
      "inputs": {
        "nixpkgs-lib": "nixpkgs-lib"
      },
      "locked": {
        "lastModified": 1717285511,
        "narHash": "sha256-iKzJcpdXih14qYVcZ9QC9XuZYnPc6T8YImb6dX166kw=",
        "owner": "hercules-ci",
        "repo": "flake-parts",
        "rev": "2a55567fcf15b1b1c7ed712a2c6fadaec7412ea8",
        "type": "github"
      },
      "original": {
        "id": "flake-parts",
        "type": "indirect"
      }
    },
    "flake-utils": {
      "inputs": {
        "systems": "systems"
      },
      "locked": {
        "lastModified": 1710146030,
        "narHash": "sha256-SZ5L6eA7HJ/nmkzGG7/ISclqe6oZdOZTNoesiInkXPQ=",
        "owner": "numtide",
        "repo": "flake-utils",
        "rev": "b1d9ab70662946ef0850d488da1c9019f3a9752a",
        "type": "github"
      },
      "original": {
        "owner": "numtide",
        "repo": "flake-utils",
        "type": "github"
      }
    },
    "gnu-elpa": {
      "flake": false,
      "locked": {
        "lastModified": 1718943129,
        "narHash": "sha256-wrPYGObWD8xYGdW6WHjasgAW5qbUTD1DK8aZENrzx9c=",
        "ref": "main",
        "rev": "823c5668382057702fa2e691cba25590e3140bd9",
        "revCount": 617,
        "type": "git",
        "url": "https://git.savannah.gnu.org/git/emacs/elpa.git"
      },
      "original": {
        "ref": "main",
        "type": "git",
        "url": "https://git.savannah.gnu.org/git/emacs/elpa.git"
      }
    },
    "lsp-snippet": {
      "flake": false,
      "locked": {
        "lastModified": 1705348763,
        "narHash": "sha256-AKML6VSqKdjouQseOwxmW5OvSramC1gCu/BjwNh8D/8=",
        "owner": "svaante",
        "repo": "lsp-snippet",
        "rev": "89589f7f5fdbb78ed18bcfc9e70a6c719649af0a",
        "type": "github"
      },
      "original": {
        "owner": "svaante",
        "repo": "lsp-snippet",
        "type": "github"
      }
    },
    "melpa": {
      "flake": false,
      "locked": {
        "lastModified": 1719400571,
        "narHash": "sha256-mlMzBg2hM7ECSXtxtq/RQF24CEyTsztxpMuNSRBs17Y=",
        "owner": "melpa",
        "repo": "melpa",
        "rev": "1839deb57d34adc76db0b1a1a877b3cb542a6810",
        "type": "github"
      },
      "original": {
        "owner": "melpa",
        "repo": "melpa",
        "type": "github"
      }
    },
    "nixpkgs": {
      "locked": {
        "lastModified": 1719506693,
        "narHash": "sha256-C8e9S7RzshSdHB7L+v9I51af1gDM5unhJ2xO1ywxNH8=",
        "owner": "NixOS",
        "repo": "nixpkgs",
        "rev": "b2852eb9365c6de48ffb0dc2c9562591f652242a",
        "type": "github"
      },
      "original": {
        "owner": "NixOS",
        "ref": "nixos-unstable",
        "repo": "nixpkgs",
        "type": "github"
      }
    },
    "nixpkgs-lib": {
      "locked": {
        "lastModified": 1717284937,
        "narHash": "sha256-lIbdfCsf8LMFloheeE6N31+BMIeixqyQWbSr2vk79EQ=",
        "type": "tarball",
        "url": "https://github.com/NixOS/nixpkgs/archive/eb9ceca17df2ea50a250b6b27f7bf6ab0186f198.tar.gz"
      },
      "original": {
        "type": "tarball",
        "url": "https://github.com/NixOS/nixpkgs/archive/eb9ceca17df2ea50a250b6b27f7bf6ab0186f198.tar.gz"
      }
    },
    "nixpkgs-stable": {
      "locked": {
        "lastModified": 1719234068,
        "narHash": "sha256-1AjSIedDC/aERt24KsCUftLpVppW61S7awfjGe7bMio=",
        "owner": "NixOS",
        "repo": "nixpkgs",
        "rev": "90bd1b26e23760742fdcb6152369919098f05417",
        "type": "github"
      },
      "original": {
        "owner": "NixOS",
        "ref": "nixos-23.11",
        "repo": "nixpkgs",
        "type": "github"
      }
    },
    "nixpkgs_2": {
      "locked": {
        "lastModified": 1719468428,
        "narHash": "sha256-vN5xJAZ4UGREEglh3lfbbkIj+MPEYMuqewMn4atZFaQ=",
        "owner": "NixOS",
        "repo": "nixpkgs",
        "rev": "1e3deb3d8a86a870d925760db1a5adecc64d329d",
        "type": "github"
      },
      "original": {
        "id": "nixpkgs",
        "ref": "nixpkgs-unstable",
        "type": "indirect"
      }
    },
    "nongnu-elpa": {
      "flake": false,
      "locked": {
        "lastModified": 1718478527,
        "narHash": "sha256-saOW2cfk+qbd6sNeYKIf0nszXtGy0mi//8s0md4ldjg=",
        "ref": "main",
        "rev": "c7b774608a8b17b5e95a096317d12fae7dc31b68",
        "revCount": 316,
        "type": "git",
        "url": "https://git.savannah.gnu.org/git/emacs/nongnu.git"
      },
      "original": {
        "ref": "main",
        "type": "git",
        "url": "https://git.savannah.gnu.org/git/emacs/nongnu.git"
      }
    },
    "org-babel": {
      "locked": {
        "lastModified": 1708936166,
        "narHash": "sha256-/8exp1bCK9aJczbITjiwhKonFd1FejRL6k93iXVNWf0=",
        "owner": "jordanisaacs",
        "repo": "org-babel",
        "rev": "2d6478e6a79a8d87f9fd058804b8d3583f379a19",
        "type": "github"
      },
      "original": {
        "owner": "jordanisaacs",
        "repo": "org-babel",
        "type": "github"
      }
    },
    "root": {
      "inputs": {
        "emacs-lsp-booster": "emacs-lsp-booster",
        "emacs-unstable": "emacs-unstable",
        "flake-parts": "flake-parts",
        "gnu-elpa": "gnu-elpa",
        "lsp-snippet": "lsp-snippet",
        "melpa": "melpa",
        "nixpkgs": "nixpkgs_2",
        "nongnu-elpa": "nongnu-elpa",
        "org-babel": "org-babel",
        "twist": "twist"
      }
    },
    "systems": {
      "locked": {
        "lastModified": 1681028828,
        "narHash": "sha256-Vy1rq5AaRuLzOxct8nz4T6wlgyUR7zLU309k9mBC768=",
        "owner": "nix-systems",
        "repo": "default",
        "rev": "da67096a3b9bf56a91d16901293e51ba5b49a27e",
        "type": "github"
      },
      "original": {
        "owner": "nix-systems",
        "repo": "default",
        "type": "github"
      }
    },
    "twist": {
      "inputs": {
        "elisp-helpers": "elisp-helpers"
      },
      "locked": {
        "lastModified": 1719904026,
        "narHash": "sha256-64rjnPmgIkH138JJPNupvCTqMcr1Gl0iGyWKlYkky0Y=",
        "owner": "jordanisaacs",
        "repo": "twist.nix",
        "rev": "8a9dbc8a126f0299c16946bb2d83c70e7a6877fa",
        "type": "github"
      },
      "original": {
        "owner": "jordanisaacs",
        "repo": "twist.nix",
        "type": "github"
      }
    }
  },
  "root": "root",
  "version": 7
}
