{
  "nodes": {
    "ace-window": {
      "flake": false,
      "locked": {
        "lastModified": 1662868721,
        "narHash": "sha256-eGmOL272H5X7BmeXRCfMjB3ucf9GH2xThyozgkW62dA=",
        "owner": "abo-abo",
        "repo": "ace-window",
        "rev": "77115afc1b0b9f633084cf7479c767988106c196",
        "type": "github"
      },
      "original": {
        "owner": "abo-abo",
        "repo": "ace-window",
        "type": "github"
      }
    },
    "activity-watch-mode": {
      "flake": false,
      "locked": {
        "lastModified": 1710316462,
        "narHash": "sha256-FZmWuu64D08kysLa/LU8o3W60s6/0FeQbVL923mJd1k=",
        "owner": "pauldub",
        "repo": "activity-watch-mode",
        "rev": "19aed6ca81a3b1e549f47867c924d180d8536791",
        "type": "github"
      },
      "original": {
        "owner": "pauldub",
        "repo": "activity-watch-mode",
        "type": "github"
      }
    },
    "all-the-icons": {
      "flake": false,
      "locked": {
        "lastModified": 1748338070,
        "narHash": "sha256-3OhM+dEzAYDlvJL4bbvQMxherEwyC3wKC7Tjb168J6Q=",
        "owner": "domtronn",
        "repo": "all-the-icons.el",
        "rev": "4778632b29c8c8d2b7cd9ce69535d0be01d846f9",
        "type": "github"
      },
      "original": {
        "owner": "domtronn",
        "repo": "all-the-icons.el",
        "type": "github"
      }
    },
    "all-the-icons-completion": {
      "flake": false,
      "locked": {
        "lastModified": 1706474915,
        "narHash": "sha256-xnR0MFytxvAsxpgFxlnEccWicvpbO61kmZTWFOSZbvc=",
        "owner": "iyefrat",
        "repo": "all-the-icons-completion",
        "rev": "4c8bcad8033f5d0868ce82ea3807c6cd46c4a198",
        "type": "github"
      },
      "original": {
        "owner": "iyefrat",
        "repo": "all-the-icons-completion",
        "type": "github"
      }
    },
    "all-the-icons-dired": {
      "flake": false,
      "locked": {
        "lastModified": 1701955440,
        "narHash": "sha256-27xvh7qrK4CSPC4Q2cCyL1ztVQvU1BpdVtczSKzLk4c=",
        "owner": "wyuenho",
        "repo": "all-the-icons-dired",
        "rev": "e157f0668f22ed586aebe0a2c0186ab07702986c",
        "type": "github"
      },
      "original": {
        "owner": "wyuenho",
        "repo": "all-the-icons-dired",
        "type": "github"
      }
    },
    "apheleia": {
      "flake": false,
      "locked": {
        "lastModified": 1749682281,
        "narHash": "sha256-KBmTzRdeZfZL89XfEXrJ41UFPSRVClkQY0SH9LqaLxE=",
        "owner": "radian-software",
        "repo": "apheleia",
        "rev": "f3308f53d3fd15b808abc583fa4c50a197f0d1e9",
        "type": "github"
      },
      "original": {
        "owner": "radian-software",
        "repo": "apheleia",
        "type": "github"
      }
    },
    "avy": {
      "flake": false,
      "locked": {
        "lastModified": 1730469433,
        "narHash": "sha256-p4IY1gksiC6YonDvaccISEbp6glz2AJoLgHzsc5fbvQ=",
        "owner": "abo-abo",
        "repo": "avy",
        "rev": "933d1f36cca0f71e4acb5fac707e9ae26c536264",
        "type": "github"
      },
      "original": {
        "owner": "abo-abo",
        "repo": "avy",
        "type": "github"
      }
    },
    "blackout": {
      "flake": false,
      "locked": {
        "lastModified": 1652140206,
        "narHash": "sha256-uRC5Khbx6ecsGE1mnWrC4XZy/Z/yqeSOwSqQ1uz+Z9I=",
        "owner": "radian-software",
        "repo": "blackout",
        "rev": "7707211370f03f03a2f74df15f42ac24a1e99300",
        "type": "github"
      },
      "original": {
        "owner": "radian-software",
        "repo": "blackout",
        "type": "github"
      }
    },
    "breadcrumb": {
      "flake": false,
      "locked": {
        "lastModified": 1739026408,
        "narHash": "sha256-N+FSQQht1FbosCy6uCFtiEA/3l9A2p2FOZ720wQ7GLw=",
        "owner": "joaotavora",
        "repo": "breadcrumb",
        "rev": "da34d030e6d01db2bba45b30080204b23a714c9f",
        "type": "github"
      },
      "original": {
        "owner": "joaotavora",
        "repo": "breadcrumb",
        "type": "github"
      }
    },
    "browse-at-remote": {
      "flake": false,
      "locked": {
        "lastModified": 1677131715,
        "narHash": "sha256-8MfUypwYDIEbpW9+LiwLuHFS84EumGNiZMEThAPSJSY=",
        "owner": "rmuslimov",
        "repo": "browse-at-remote",
        "rev": "76aa27dfd469fcae75ed7031bb73830831aaccbf",
        "type": "github"
      },
      "original": {
        "owner": "rmuslimov",
        "repo": "browse-at-remote",
        "type": "github"
      }
    },
    "bufler": {
      "flake": false,
      "locked": {
        "lastModified": 1743115561,
        "narHash": "sha256-QMc4vSlSPx0kCq637VhCX5xKx8qWAMIW4JNYP6LZdbU=",
        "owner": "alphapapa",
        "repo": "bufler.el",
        "rev": "b96822d2132fda6bd1dd86f017d7e76e3b990c82",
        "type": "github"
      },
      "original": {
        "owner": "alphapapa",
        "repo": "bufler.el",
        "type": "github"
      }
    },
    "burly": {
      "flake": false,
      "locked": {
        "lastModified": 1722059111,
        "narHash": "sha256-Sav0xOopQtZ8fZUmASqphQo48em8oRICOO+lVfUvGKM=",
        "owner": "alphapapa",
        "repo": "burly.el",
        "rev": "d5b7133b5b629dd6bca29bb16660a9e472e82e25",
        "type": "github"
      },
      "original": {
        "owner": "alphapapa",
        "repo": "burly.el",
        "type": "github"
      }
    },
    "cape": {
      "flake": false,
      "locked": {
        "lastModified": 1750159523,
        "narHash": "sha256-md2UnyP2aZ60G1KBwvoYNI2o5QtTXaQwZVOsnOx/0JI=",
        "owner": "minad",
        "repo": "cape",
        "rev": "f925182957ea11119e27c2ac7200cc1fbba5612a",
        "type": "github"
      },
      "original": {
        "owner": "minad",
        "repo": "cape",
        "type": "github"
      }
    },
    "claude-code": {
      "flake": false,
      "locked": {
        "lastModified": 1752716724,
        "narHash": "sha256-Il5blmrf5O5DJVYcz1O/bI05J2EP9/OF9KCODtQ3DDU=",
        "owner": "stevemolitor",
        "repo": "claude-code.el",
        "rev": "4939a2e77fab0601396824c441c2c8f185cc2bbf",
        "type": "github"
      },
      "original": {
        "owner": "stevemolitor",
        "repo": "claude-code.el",
        "type": "github"
      }
    },
    "cognitive-complexity": {
      "flake": false,
      "locked": {
        "lastModified": 1752255727,
        "narHash": "sha256-E/4UTQEdn3quoifeHrCHYSuP2onZV6lL1m8lmQBq+XA=",
        "owner": "emacs-vs",
        "repo": "cognitive-complexity",
        "rev": "abb735d36209eedc8ccc487f498b2533af9e6ede",
        "type": "github"
      },
      "original": {
        "owner": "emacs-vs",
        "repo": "cognitive-complexity",
        "type": "github"
      }
    },
    "compat": {
      "flake": false,
      "locked": {
        "lastModified": 1750343338,
        "narHash": "sha256-pLb+dt/PPvKZi4sRN9/EPrKvEC1felBk9jJoXKq4fxI=",
        "owner": "emacs-compat",
        "repo": "compat",
        "rev": "cccd41f549fa88031a32deb26253b462021d7e12",
        "type": "github"
      },
      "original": {
        "owner": "emacs-compat",
        "repo": "compat",
        "type": "github"
      }
    },
    "compile-multi": {
      "flake": false,
      "locked": {
        "lastModified": 1735768611,
        "narHash": "sha256-o6iy14Ovnm2F9kUU38s1FEyltjCXnAHloBy4XSbSR38=",
        "owner": "mohkale",
        "repo": "compile-multi",
        "rev": "19d16d8871b5f19f5625e1a66c1dc46a7c3f6a3a",
        "type": "github"
      },
      "original": {
        "owner": "mohkale",
        "repo": "compile-multi",
        "type": "github"
      }
    },
    "compile-multi-embark": {
      "flake": false,
      "locked": {
        "lastModified": 1735768611,
        "narHash": "sha256-o6iy14Ovnm2F9kUU38s1FEyltjCXnAHloBy4XSbSR38=",
        "owner": "mohkale",
        "repo": "compile-multi",
        "rev": "19d16d8871b5f19f5625e1a66c1dc46a7c3f6a3a",
        "type": "github"
      },
      "original": {
        "owner": "mohkale",
        "repo": "compile-multi",
        "type": "github"
      }
    },
    "compile-multi-nerd-icons": {
      "flake": false,
      "locked": {
        "lastModified": 1735768611,
        "narHash": "sha256-o6iy14Ovnm2F9kUU38s1FEyltjCXnAHloBy4XSbSR38=",
        "owner": "mohkale",
        "repo": "compile-multi",
        "rev": "19d16d8871b5f19f5625e1a66c1dc46a7c3f6a3a",
        "type": "github"
      },
      "original": {
        "owner": "mohkale",
        "repo": "compile-multi",
        "type": "github"
      }
    },
    "consult": {
      "flake": false,
      "locked": {
        "lastModified": 1751445996,
        "narHash": "sha256-WXnFQo2HFOqhJkwQ7x0sP8cQyqNLp7B5uE0aRtkzAU4=",
        "owner": "minad",
        "repo": "consult",
        "rev": "d32cccdcb5559b503306291fa9f52df19594d687",
        "type": "github"
      },
      "original": {
        "owner": "minad",
        "repo": "consult",
        "type": "github"
      }
    },
    "consult-compile-multi": {
      "flake": false,
      "locked": {
        "lastModified": 1735768611,
        "narHash": "sha256-o6iy14Ovnm2F9kUU38s1FEyltjCXnAHloBy4XSbSR38=",
        "owner": "mohkale",
        "repo": "compile-multi",
        "rev": "19d16d8871b5f19f5625e1a66c1dc46a7c3f6a3a",
        "type": "github"
      },
      "original": {
        "owner": "mohkale",
        "repo": "compile-multi",
        "type": "github"
      }
    },
    "consult-dir": {
      "flake": false,
      "locked": {
        "lastModified": 1741838371,
        "narHash": "sha256-1YInMQQ0pnP1cZuGMpj+T6rzjQD9MEJeiq059LTWZvs=",
        "owner": "karthink",
        "repo": "consult-dir",
        "rev": "4532b8d215d16b0159691ce4dee693e72d71e0ff",
        "type": "github"
      },
      "original": {
        "owner": "karthink",
        "repo": "consult-dir",
        "type": "github"
      }
    },
    "consult-eglot": {
      "flake": false,
      "locked": {
        "lastModified": 1748695029,
        "narHash": "sha256-E5VPorGfhvKYiagGHW/BcUOzC5r7LGneE0fdbyKsSVI=",
        "owner": "mohkale",
        "repo": "consult-eglot",
        "rev": "2816f8aad7d6a1e6d5e5b4a5e04c1d74b82b26b8",
        "type": "github"
      },
      "original": {
        "owner": "mohkale",
        "repo": "consult-eglot",
        "type": "github"
      }
    },
    "consult-todo": {
      "flake": false,
      "locked": {
        "lastModified": 1744916607,
        "narHash": "sha256-MRYlhI8gJjj3fWoS6weuXum8TVRq8Uo4UI3S8Waojo4=",
        "owner": "eki3z",
        "repo": "consult-todo",
        "rev": "f9ba063a6714cb95ddbd886786ada93771f3c140",
        "type": "github"
      },
      "original": {
        "owner": "eki3z",
        "repo": "consult-todo",
        "type": "github"
      }
    },
    "consult-xref-stack": {
      "flake": false,
      "locked": {
        "lastModified": 1732577615,
        "narHash": "sha256-TUACrdK/AxwFn7/HFuaHGkq0hscVtPIXy4TDf0rLYqo=",
        "owner": "brett-lempereur",
        "repo": "consult-xref-stack",
        "rev": "aa9bbf7a3ff43353b7c10595b3d13887b213466b",
        "type": "github"
      },
      "original": {
        "owner": "brett-lempereur",
        "repo": "consult-xref-stack",
        "type": "github"
      }
    },
    "corfu": {
      "flake": false,
      "locked": {
        "lastModified": 1750159559,
        "narHash": "sha256-Lrr/jh9wvx2YKBBpFxKg1nXUjx69c9EDwDs0ImLI5QY=",
        "owner": "minad",
        "repo": "corfu",
        "rev": "5e9a2229322541c1ee28b72128cf7c097b32dd5d",
        "type": "github"
      },
      "original": {
        "owner": "minad",
        "repo": "corfu",
        "type": "github"
      }
    },
    "dape": {
      "flake": false,
      "locked": {
        "lastModified": 1750370027,
        "narHash": "sha256-dO4kfmmC6/5MCcYzQPs7VRHgXEGYcrAbiMMglkgCnv4=",
        "owner": "svaante",
        "repo": "dape",
        "rev": "a0ae5d6a445c119caeb3da930effece839109bf0",
        "type": "github"
      },
      "original": {
        "owner": "svaante",
        "repo": "dape",
        "type": "github"
      }
    },
    "dash": {
      "flake": false,
      "locked": {
        "lastModified": 1741784833,
        "narHash": "sha256-1TxfU88Ouc9Tx+ouzLxTKNpS/HjJPOsFobyZuIJxUyQ=",
        "owner": "magnars",
        "repo": "dash.el",
        "rev": "fcb5d831fc08a43f984242c7509870f30983c27c",
        "type": "github"
      },
      "original": {
        "owner": "magnars",
        "repo": "dash.el",
        "type": "github"
      }
    },
    "devdocs": {
      "flake": false,
      "locked": {
        "lastModified": 1749392046,
        "narHash": "sha256-BFyHyVEUJ964twiLTAoBSfgW+oFeBI4mkU04hoomvjY=",
        "owner": "astoff",
        "repo": "devdocs.el",
        "rev": "4023409017d37dc2d6c230fe010fadb917b4395b",
        "type": "github"
      },
      "original": {
        "owner": "astoff",
        "repo": "devdocs.el",
        "type": "github"
      }
    },
    "diff-hl": {
      "flake": false,
      "locked": {
        "lastModified": 1752111907,
        "narHash": "sha256-CyHbh9iROnlCCZ3oikSkC9sNVnKZECmyYpXgqtVpgok=",
        "owner": "dgutov",
        "repo": "diff-hl",
        "rev": "08243a6e0b681c34eb4e4abf1d1c4c1b251ce91e",
        "type": "github"
      },
      "original": {
        "owner": "dgutov",
        "repo": "diff-hl",
        "type": "github"
      }
    },
    "diredfl": {
      "flake": false,
      "locked": {
        "lastModified": 1733053302,
        "narHash": "sha256-FT+OGJHJRocJbSSpVSGQlORWk2/LRdwTM6FECGB636Y=",
        "owner": "purcell",
        "repo": "diredfl",
        "rev": "fe72d2e42ee18bf6228bba9d7086de4098f18a70",
        "type": "github"
      },
      "original": {
        "owner": "purcell",
        "repo": "diredfl",
        "type": "github"
      }
    },
    "editorconfig": {
      "flake": false,
      "locked": {
        "lastModified": 1745734251,
        "narHash": "sha256-nh0ib1DMZ4xDARxOvVlvFX9jJwnjzG2OXYp5cWu9dik=",
        "owner": "editorconfig",
        "repo": "editorconfig-emacs",
        "rev": "d2beb3ec2e7f84505818594124a7202d5d6d0185",
        "type": "github"
      },
      "original": {
        "owner": "editorconfig",
        "repo": "editorconfig-emacs",
        "type": "github"
      }
    },
    "eglot-booster": {
      "flake": false,
      "locked": {
        "lastModified": 1752690112,
        "narHash": "sha256-xUBQrQpw+JZxcqT1fy/8C2tjKwa7sLFHXamBm45Fa4Y=",
        "owner": "jdtsmith",
        "repo": "eglot-booster",
        "rev": "cab7803c4f0adc7fff9da6680f90110674bb7a22",
        "type": "github"
      },
      "original": {
        "owner": "jdtsmith",
        "repo": "eglot-booster",
        "type": "github"
      }
    },
    "eglot-inactive-regions": {
      "flake": false,
      "locked": {
        "lastModified": 1742967410,
        "narHash": "sha256-P+fIpCc1nmSia5KxWU5AhzLn4L5Q5KmVXY8hUG2FpUA=",
        "owner": "fargiolas",
        "repo": "eglot-inactive-regions",
        "rev": "3d973b45afbf3afa835abaf3d99c993b5426a596",
        "type": "github"
      },
      "original": {
        "owner": "fargiolas",
        "repo": "eglot-inactive-regions",
        "type": "github"
      }
    },
    "eglot-supplements": {
      "flake": false,
      "locked": {
        "lastModified": 1736869077,
        "narHash": "sha256-5ayBOmTHm91McxWu2usVgQCqkUqi66qe6yAyG3oETTw=",
        "ref": "refs/heads/main",
        "rev": "e6664decdd9eb2a0af2272fa13448cac44ba18fd",
        "revCount": 160,
        "type": "git",
        "url": "https://codeberg.org/harald/eglot-supplements.git"
      },
      "original": {
        "type": "git",
        "url": "https://codeberg.org/harald/eglot-supplements.git"
      }
    },
    "embark": {
      "flake": false,
      "locked": {
        "lastModified": 1751917650,
        "narHash": "sha256-ZSP+0lvXHUr79nqx+Fx5cEDNNk6NDXoM+o4HyzODD8c=",
        "owner": "oantolin",
        "repo": "embark",
        "rev": "89c7610fa7988b6c93029f87afa4ba6b7768bf81",
        "type": "github"
      },
      "original": {
        "owner": "oantolin",
        "repo": "embark",
        "type": "github"
      }
    },
    "embark-consult": {
      "flake": false,
      "locked": {
        "lastModified": 1751917650,
        "narHash": "sha256-ZSP+0lvXHUr79nqx+Fx5cEDNNk6NDXoM+o4HyzODD8c=",
        "owner": "oantolin",
        "repo": "embark",
        "rev": "89c7610fa7988b6c93029f87afa4ba6b7768bf81",
        "type": "github"
      },
      "original": {
        "owner": "oantolin",
        "repo": "embark",
        "type": "github"
      }
    },
    "envrc": {
      "flake": false,
      "locked": {
        "lastModified": 1748885684,
        "narHash": "sha256-inxzGaZxOvkrOYSb629OIRk/dz/jC/ZhNOWkfsF8eR4=",
        "owner": "purcell",
        "repo": "envrc",
        "rev": "cb5f6d2a4217c1e2cc963072aaa5ecfe257ab378",
        "type": "github"
      },
      "original": {
        "owner": "purcell",
        "repo": "envrc",
        "type": "github"
      }
    },
    "f": {
      "flake": false,
      "locked": {
        "lastModified": 1727955076,
        "narHash": "sha256-rDUl2oUlcnSjNbFZn9A/80RVk6neaTScw2kvh6FjmTE=",
        "owner": "rejeep",
        "repo": "f.el",
        "rev": "931b6d0667fe03e7bf1c6c282d6d8d7006143c52",
        "type": "github"
      },
      "original": {
        "owner": "rejeep",
        "repo": "f.el",
        "type": "github"
      }
    },
    "git-timemachine": {
      "flake": false,
      "locked": {
        "lastModified": 1738057257,
        "narHash": "sha256-jLzGzS2SnRTIjT3MzNbRUyZCY3Yiv2AVTVAmC/SkQt0=",
        "ref": "refs/heads/master",
        "rev": "d1346a76122595aeeb7ebb292765841c6cfd417b",
        "revCount": 142,
        "type": "git",
        "url": "https://codeberg.org/pidu/git-timemachine.git"
      },
      "original": {
        "type": "git",
        "url": "https://codeberg.org/pidu/git-timemachine.git"
      }
    },
    "gptel": {
      "flake": false,
      "locked": {
        "lastModified": 1752438887,
        "narHash": "sha256-VPCsYbh2XX4cDSXDTWTohK91QSRAowrzLBpWoT9TvrY=",
        "owner": "karthink",
        "repo": "gptel",
        "rev": "34ecadea17870b07fe7f146376b5a25f45fb27af",
        "type": "github"
      },
      "original": {
        "owner": "karthink",
        "repo": "gptel",
        "type": "github"
      }
    },
    "gumshoe": {
      "flake": false,
      "locked": {
        "lastModified": 1725313067,
        "narHash": "sha256-bl0ekbnBTHdf4zfcFSwMJF44vuv7hQADVKpBujAzt48=",
        "owner": "Overdr0ne",
        "repo": "gumshoe",
        "rev": "f84bec6057506ec3f145cd3e06b320f1e40efcdf",
        "type": "github"
      },
      "original": {
        "owner": "Overdr0ne",
        "repo": "gumshoe",
        "type": "github"
      }
    },
    "hl-todo": {
      "flake": false,
      "locked": {
        "lastModified": 1748729901,
        "narHash": "sha256-AgGbZpEymYpLzlWVtOLntnhJ61ogOhX1fnEQV8EfpZM=",
        "owner": "tarsius",
        "repo": "hl-todo",
        "rev": "7ed8bbcadb5229d648b194e0e4c4d261825aa91b",
        "type": "github"
      },
      "original": {
        "owner": "tarsius",
        "repo": "hl-todo",
        "type": "github"
      }
    },
    "hydra": {
      "flake": false,
      "locked": {
        "lastModified": 1742129692,
        "narHash": "sha256-OtGbTkC3j4jFlcbopvHhRoUJlDjnIsO4eeDYgngNntY=",
        "owner": "abo-abo",
        "repo": "hydra",
        "rev": "59a2a45a35027948476d1d7751b0f0215b1e61aa",
        "type": "github"
      },
      "original": {
        "owner": "abo-abo",
        "repo": "hydra",
        "type": "github"
      }
    },
    "inheritenv": {
      "flake": false,
      "locked": {
        "lastModified": 1732024534,
        "narHash": "sha256-qzM7uepVOTQyxJmngiePHVXFdeOw59wGvwiKl3xEDT4=",
        "owner": "purcell",
        "repo": "inheritenv",
        "rev": "b9e67cc20c069539698a9ac54d0e6cc11e616c6f",
        "type": "github"
      },
      "original": {
        "owner": "purcell",
        "repo": "inheritenv",
        "type": "github"
      }
    },
    "jinx": {
      "flake": false,
      "locked": {
        "lastModified": 1750344795,
        "narHash": "sha256-dvWR4BYvP8hIcWbAwoGsXiJRXkJuvVroPUSD72TnfnQ=",
        "owner": "minad",
        "repo": "jinx",
        "rev": "e4a94a48adfc03afbb8cfb2a2cf76fd7ad1f0e7b",
        "type": "github"
      },
      "original": {
        "owner": "minad",
        "repo": "jinx",
        "type": "github"
      }
    },
    "kind-icon": {
      "flake": false,
      "locked": {
        "lastModified": 1741706818,
        "narHash": "sha256-hxcm/6jVy4s+JRJV7zLX6V8+hzpCihKsMAbWH1H7KhA=",
        "owner": "jdtsmith",
        "repo": "kind-icon",
        "rev": "556b0fb92aac24979b2c501431c7d48f75a5169f",
        "type": "github"
      },
      "original": {
        "owner": "jdtsmith",
        "repo": "kind-icon",
        "type": "github"
      }
    },
    "llama": {
      "flake": false,
      "locked": {
        "lastModified": 1751383744,
        "narHash": "sha256-0Mcb9rECXKZ4fv3vpWS0vP4WXhLC9rMemoXEd8GZ4Xo=",
        "owner": "tarsius",
        "repo": "llama",
        "rev": "0cc2daffded18eea7f00a318cfa3e216977ffe50",
        "type": "github"
      },
      "original": {
        "owner": "tarsius",
        "repo": "llama",
        "type": "github"
      }
    },
    "lv": {
      "flake": false,
      "locked": {
        "lastModified": 1742129692,
        "narHash": "sha256-OtGbTkC3j4jFlcbopvHhRoUJlDjnIsO4eeDYgngNntY=",
        "owner": "abo-abo",
        "repo": "hydra",
        "rev": "59a2a45a35027948476d1d7751b0f0215b1e61aa",
        "type": "github"
      },
      "original": {
        "owner": "abo-abo",
        "repo": "hydra",
        "type": "github"
      }
    },
    "magit": {
      "flake": false,
      "locked": {
        "lastModified": 1752563769,
        "narHash": "sha256-4pJTf7aDZptFkhxwu1UiDzxkVrcnoiShhmC1vq1PTA4=",
        "owner": "magit",
        "repo": "magit",
        "rev": "731642756f504c8a56d3775960b7af0a93c618bb",
        "type": "github"
      },
      "original": {
        "owner": "magit",
        "repo": "magit",
        "type": "github"
      }
    },
    "magit-delta": {
      "flake": false,
      "locked": {
        "lastModified": 1643071831,
        "narHash": "sha256-PM79aVdjjuBNgHqiu215EWdjHf6/sWunezcI31Iu8M4=",
        "owner": "dandavison",
        "repo": "magit-delta",
        "rev": "5fc7dbddcfacfe46d3fd876172ad02a9ab6ac616",
        "type": "github"
      },
      "original": {
        "owner": "dandavison",
        "repo": "magit-delta",
        "type": "github"
      }
    },
    "magit-section": {
      "flake": false,
      "locked": {
        "lastModified": 1752563769,
        "narHash": "sha256-4pJTf7aDZptFkhxwu1UiDzxkVrcnoiShhmC1vq1PTA4=",
        "owner": "magit",
        "repo": "magit",
        "rev": "731642756f504c8a56d3775960b7af0a93c618bb",
        "type": "github"
      },
      "original": {
        "owner": "magit",
        "repo": "magit",
        "type": "github"
      }
    },
    "marginalia": {
      "flake": false,
      "locked": {
        "lastModified": 1751437054,
        "narHash": "sha256-cs1fP3pPqpHvnkwPngaPhoGi6XIkaZbjNE9Ddju5wcM=",
        "owner": "minad",
        "repo": "marginalia",
        "rev": "aa8e48b86f66739a86fb2e180103f8f9682004be",
        "type": "github"
      },
      "original": {
        "owner": "minad",
        "repo": "marginalia",
        "type": "github"
      }
    },
    "markdown-mode": {
      "flake": false,
      "locked": {
        "lastModified": 1752668921,
        "narHash": "sha256-4PkJUnvBPWBsV2xcEjo9cB2zNrIdnGYvSlbIEk2AWM4=",
        "owner": "jrblevin",
        "repo": "markdown-mode",
        "rev": "7eb83053e46a2d28fbe8ff819aa3742111a5c46f",
        "type": "github"
      },
      "original": {
        "owner": "jrblevin",
        "repo": "markdown-mode",
        "type": "github"
      }
    },
    "mathjax": {
      "flake": false,
      "locked": {
        "lastModified": 1731487181,
        "narHash": "sha256-McyqJadcSzUd98moe2Y4tXcMsSjx4YAos2MtyEVd58E=",
        "owner": "astoff",
        "repo": "mathjax.el",
        "rev": "db669451bbee7d2ea9872c28661c4679391b9644",
        "type": "github"
      },
      "original": {
        "owner": "astoff",
        "repo": "mathjax.el",
        "type": "github"
      }
    },
    "mcp": {
      "flake": false,
      "locked": {
        "lastModified": 1751973572,
        "narHash": "sha256-v1LUNfQG+3lPJ18rToK/dFogyarM7kTIBpf0RtZjnmA=",
        "owner": "lizqwerscott",
        "repo": "mcp.el",
        "rev": "2fcda27b15395fe1ed55d15a88e6187a69af09e9",
        "type": "github"
      },
      "original": {
        "owner": "lizqwerscott",
        "repo": "mcp.el",
        "type": "github"
      }
    },
    "modus-themes": {
      "flake": false,
      "locked": {
        "lastModified": 1752811826,
        "narHash": "sha256-VcOTJUSr/ucyjhMi+Rd6qMaamfhwP00uLP3wnUNMaZo=",
        "owner": "protesilaos",
        "repo": "modus-themes",
        "rev": "f4e67c80c94fcae23f87517902a10eccc8ad99d6",
        "type": "github"
      },
      "original": {
        "owner": "protesilaos",
        "repo": "modus-themes",
        "type": "github"
      }
    },
    "nerd-icons": {
      "flake": false,
      "locked": {
        "lastModified": 1752810917,
        "narHash": "sha256-JuV4z0/9FuCBJk9AU+JfTjIBfyEPFB8D2hrGSo0RJKs=",
        "owner": "rainstormstudio",
        "repo": "nerd-icons.el",
        "rev": "f3e7ba37642455e5627968b1031faeefbcac1245",
        "type": "github"
      },
      "original": {
        "owner": "rainstormstudio",
        "repo": "nerd-icons.el",
        "type": "github"
      }
    },
    "nerd-icons-completion": {
      "flake": false,
      "locked": {
        "lastModified": 1746820169,
        "narHash": "sha256-g4IE1XlYcwck7L826vTms0zDo7LPkmN4M1R13lC2KiI=",
        "owner": "rainstormstudio",
        "repo": "nerd-icons-completion",
        "rev": "e15e21a263bad06424982c11e8d68ffe1372a4e7",
        "type": "github"
      },
      "original": {
        "owner": "rainstormstudio",
        "repo": "nerd-icons-completion",
        "type": "github"
      }
    },
    "nerd-icons-dired": {
      "flake": false,
      "locked": {
        "lastModified": 1746552599,
        "narHash": "sha256-gv2VUvv6lOffVw9rMF/R52eY+BiJZ3hztC5BUkX33+A=",
        "owner": "rainstormstudio",
        "repo": "nerd-icons-dired",
        "rev": "69b5d3176b7bb08ac1f477cf7c5a491b9b0b5b54",
        "type": "github"
      },
      "original": {
        "owner": "rainstormstudio",
        "repo": "nerd-icons-dired",
        "type": "github"
      }
    },
    "nix-ts-mode": {
      "flake": false,
      "locked": {
        "lastModified": 1740766958,
        "narHash": "sha256-+TkkeiL2Dx8Tj5csLghQJFWlV3RqCHKDh2gEHX3hdZQ=",
        "owner": "nix-community",
        "repo": "nix-ts-mode",
        "rev": "62ce3a2dc39529c5db3516427e84b2c96b8efcfd",
        "type": "github"
      },
      "original": {
        "owner": "nix-community",
        "repo": "nix-ts-mode",
        "type": "github"
      }
    },
    "orderless": {
      "flake": false,
      "locked": {
        "lastModified": 1751746989,
        "narHash": "sha256-XINTJBKfLAeaho563m6EXuc1BbUnHg5UkHx9hCExXoQ=",
        "owner": "oantolin",
        "repo": "orderless",
        "rev": "082a487f79ca5e960046a31599a5f97dac79a858",
        "type": "github"
      },
      "original": {
        "owner": "oantolin",
        "repo": "orderless",
        "type": "github"
      }
    },
    "pretty-hydra": {
      "flake": false,
      "locked": {
        "lastModified": 1741647791,
        "narHash": "sha256-X4HUg3Lm6wx8Z7pqpoBroICu4AO8nJi4DPycLqiTEmc=",
        "owner": "jerrypnz",
        "repo": "major-mode-hydra.el",
        "rev": "2494d71e24b61c1f5ef2dc17885e2f65bf98b3b2",
        "type": "github"
      },
      "original": {
        "owner": "jerrypnz",
        "repo": "major-mode-hydra.el",
        "type": "github"
      }
    },
    "python-pytest": {
      "flake": false,
      "locked": {
        "lastModified": 1751835475,
        "narHash": "sha256-lAwz9XcXp2k87viY9KJubxsimlsmU5buXYcGbgWMK2o=",
        "owner": "wbolster",
        "repo": "emacs-python-pytest",
        "rev": "02784b0701cf0698277e3252c2e394cf02fab055",
        "type": "github"
      },
      "original": {
        "owner": "wbolster",
        "repo": "emacs-python-pytest",
        "type": "github"
      }
    },
    "repeat-help": {
      "flake": false,
      "locked": {
        "lastModified": 1674001469,
        "narHash": "sha256-dW712mEo9qT5XwKqDFrUs92ihJFH2EIKVJIlj75Y3NI=",
        "owner": "karthink",
        "repo": "repeat-help",
        "rev": "41dea6fba2edd6ac748d0ca7a6da4058290feede",
        "type": "github"
      },
      "original": {
        "owner": "karthink",
        "repo": "repeat-help",
        "type": "github"
      }
    },
    "request": {
      "flake": false,
      "locked": {
        "lastModified": 1740009121,
        "narHash": "sha256-BFxOsHTKHghIPFeUyaNXJGZbCD2mIMdRG2qby8p0TpU=",
        "owner": "tkf",
        "repo": "emacs-request",
        "rev": "c22e3c23a6dd90f64be536e176ea0ed6113a5ba6",
        "type": "github"
      },
      "original": {
        "owner": "tkf",
        "repo": "emacs-request",
        "type": "github"
      }
    },
    "root": {
      "inputs": {
        "ace-window": "ace-window",
        "activity-watch-mode": "activity-watch-mode",
        "all-the-icons": "all-the-icons",
        "all-the-icons-completion": "all-the-icons-completion",
        "all-the-icons-dired": "all-the-icons-dired",
        "apheleia": "apheleia",
        "avy": "avy",
        "blackout": "blackout",
        "breadcrumb": "breadcrumb",
        "browse-at-remote": "browse-at-remote",
        "bufler": "bufler",
        "burly": "burly",
        "cape": "cape",
        "claude-code": "claude-code",
        "cognitive-complexity": "cognitive-complexity",
        "compat": "compat",
        "compile-multi": "compile-multi",
        "compile-multi-embark": "compile-multi-embark",
        "compile-multi-nerd-icons": "compile-multi-nerd-icons",
        "consult": "consult",
        "consult-compile-multi": "consult-compile-multi",
        "consult-dir": "consult-dir",
        "consult-eglot": "consult-eglot",
        "consult-todo": "consult-todo",
        "consult-xref-stack": "consult-xref-stack",
        "corfu": "corfu",
        "dape": "dape",
        "dash": "dash",
        "devdocs": "devdocs",
        "diff-hl": "diff-hl",
        "diredfl": "diredfl",
        "editorconfig": "editorconfig",
        "eglot-booster": "eglot-booster",
        "eglot-inactive-regions": "eglot-inactive-regions",
        "eglot-supplements": "eglot-supplements",
        "embark": "embark",
        "embark-consult": "embark-consult",
        "envrc": "envrc",
        "f": "f",
        "git-timemachine": "git-timemachine",
        "gptel": "gptel",
        "gumshoe": "gumshoe",
        "hl-todo": "hl-todo",
        "hydra": "hydra",
        "inheritenv": "inheritenv",
        "jinx": "jinx",
        "kind-icon": "kind-icon",
        "llama": "llama",
        "lv": "lv",
        "magit": "magit",
        "magit-delta": "magit-delta",
        "magit-section": "magit-section",
        "marginalia": "marginalia",
        "markdown-mode": "markdown-mode",
        "mathjax": "mathjax",
        "mcp": "mcp",
        "modus-themes": "modus-themes",
        "nerd-icons": "nerd-icons",
        "nerd-icons-completion": "nerd-icons-completion",
        "nerd-icons-dired": "nerd-icons-dired",
        "nix-ts-mode": "nix-ts-mode",
        "orderless": "orderless",
        "pretty-hydra": "pretty-hydra",
        "python-pytest": "python-pytest",
        "repeat-help": "repeat-help",
        "request": "request",
        "rust-mode": "rust-mode",
        "rustic": "rustic",
        "s": "s",
        "spinner": "spinner",
        "svg-lib": "svg-lib",
        "tldr": "tldr",
        "transpose-frame": "transpose-frame",
        "treesit-fold": "treesit-fold",
        "vertico": "vertico",
        "vterm": "vterm",
        "vundo": "vundo",
        "wgrep": "wgrep",
        "whitespace-cleanup-mode": "whitespace-cleanup-mode",
        "with-editor": "with-editor",
        "xterm-color": "xterm-color",
        "yasnippet": "yasnippet",
        "yasnippet-capf": "yasnippet-capf",
        "yasnippet-snippets": "yasnippet-snippets",
        "zig-ts-mode": "zig-ts-mode"
      }
    },
    "rust-mode": {
      "flake": false,
      "locked": {
        "lastModified": 1751726685,
        "narHash": "sha256-9Rrzxm1y/eo/DKuO/p/ziTV7b3I0DLbuno0fLNcegDM=",
        "owner": "rust-lang",
        "repo": "rust-mode",
        "rev": "f7334861bfc1d3dbcfbde464751837be2ec09ef3",
        "type": "github"
      },
      "original": {
        "owner": "rust-lang",
        "repo": "rust-mode",
        "type": "github"
      }
    },
    "rustic": {
      "flake": false,
      "locked": {
        "lastModified": 1751290322,
        "narHash": "sha256-+2U5Tf9tG9CgNbrnTuykvRgJ5psjjaaFmdqsnQF3qXw=",
        "owner": "emacs-rustic",
        "repo": "rustic",
        "rev": "bfff139f260c386f60d581edef6df1a0d109a131",
        "type": "github"
      },
      "original": {
        "owner": "emacs-rustic",
        "repo": "rustic",
        "type": "github"
      }
    },
    "s": {
      "flake": false,
      "locked": {
        "lastModified": 1681482914,
        "narHash": "sha256-fbF/SyPwEiJICaPBq0xWj2yLWjdNwkaLF2iYvZ2EO1k=",
        "owner": "magnars",
        "repo": "s.el",
        "rev": "dda84d38fffdaf0c9b12837b504b402af910d01d",
        "type": "github"
      },
      "original": {
        "owner": "magnars",
        "repo": "s.el",
        "type": "github"
      }
    },
    "spinner": {
      "flake": false,
      "locked": {
        "lastModified": 1663246199,
        "narHash": "sha256-Ad6J3xGUWD+WDP3BbsgKvxJb90VMOkjJuIt/fhBu+rs=",
        "owner": "Malabarba",
        "repo": "spinner.el",
        "rev": "d4647ae87fb0cd24bc9081a3d287c860ff061c21",
        "type": "github"
      },
      "original": {
        "owner": "Malabarba",
        "repo": "spinner.el",
        "type": "github"
      }
    },
    "svg-lib": {
      "flake": false,
      "locked": {
        "lastModified": 1708359207,
        "narHash": "sha256-nF0Pv6a02YV7bJqyLPxlQmw0NcR3X9rTX+ea/KFqvTE=",
        "owner": "rougier",
        "repo": "svg-lib",
        "rev": "39621cd178dbf903414156d893c1eefe217b7c29",
        "type": "github"
      },
      "original": {
        "owner": "rougier",
        "repo": "svg-lib",
        "type": "github"
      }
    },
    "tldr": {
      "flake": false,
      "locked": {
        "lastModified": 1677634598,
        "narHash": "sha256-e9Nvnusx5lQzTlctO6sZJOwLUKSQvq8pWbYSvaEvu2E=",
        "owner": "kuanyui",
        "repo": "tldr.el",
        "rev": "1b09d2032491d3904bd7ee9bf5ba7c7503db6593",
        "type": "github"
      },
      "original": {
        "owner": "kuanyui",
        "repo": "tldr.el",
        "type": "github"
      }
    },
    "transpose-frame": {
      "flake": false,
      "locked": {
        "lastModified": 1668027203,
        "narHash": "sha256-fq+pLV+dqbNMcDkluFzGUjDQeUGj84IQdzif5r/t2YA=",
        "owner": "emacsorphanage",
        "repo": "transpose-frame",
        "rev": "94c87794d53883a2358d13da264ad8dab9a52daa",
        "type": "github"
      },
      "original": {
        "owner": "emacsorphanage",
        "repo": "transpose-frame",
        "type": "github"
      }
    },
    "treesit-fold": {
      "flake": false,
      "locked": {
        "lastModified": 1752253771,
        "narHash": "sha256-drt3MrWtsLQXhmpsOpacGXmbNb+rVGSHaPADijaKYjk=",
        "owner": "emacs-tree-sitter",
        "repo": "treesit-fold",
        "rev": "74eb0ea255564cb79799e2f5c7a3f14c1cbc088b",
        "type": "github"
      },
      "original": {
        "owner": "emacs-tree-sitter",
        "repo": "treesit-fold",
        "type": "github"
      }
    },
    "vertico": {
      "flake": false,
      "locked": {
        "lastModified": 1751465034,
        "narHash": "sha256-txB8sXQXv2t1q3ZWPcm4lXD0o3WekwKL7kWICkuFK/8=",
        "owner": "minad",
        "repo": "vertico",
        "rev": "d8dc49a3520ab908c2b0f62a4a8ae32ca23f2726",
        "type": "github"
      },
      "original": {
        "owner": "minad",
        "repo": "vertico",
        "type": "github"
      }
    },
    "vterm": {
      "flake": false,
      "locked": {
        "lastModified": 1736786730,
        "narHash": "sha256-ZBAQOUr+IrDlXUKpG2HUzNjVfGdphXqrmiPn90bvAVY=",
        "owner": "akermu",
        "repo": "emacs-libvterm",
        "rev": "056ad74653704bc353d8ec8ab52ac75267b7d373",
        "type": "github"
      },
      "original": {
        "owner": "akermu",
        "repo": "emacs-libvterm",
        "type": "github"
      }
    },
    "vundo": {
      "flake": false,
      "locked": {
        "lastModified": 1750207706,
        "narHash": "sha256-ngVWSIjQeX1TBpIo4vz+9IMeBKyA8BJuPWMt4/o4Xqg=",
        "owner": "casouri",
        "repo": "vundo",
        "rev": "30f85b4ae1f2a7189d44bb738b49559928d046cb",
        "type": "github"
      },
      "original": {
        "owner": "casouri",
        "repo": "vundo",
        "type": "github"
      }
    },
    "wgrep": {
      "flake": false,
      "locked": {
        "lastModified": 1733490377,
        "narHash": "sha256-SQR3R/Vue/Rx3MvQiI6BotOKs39nES07hXsiOKMb/Kc=",
        "owner": "mhayashi1120",
        "repo": "Emacs-wgrep",
        "rev": "49f09ab9b706d2312cab1199e1eeb1bcd3f27f6f",
        "type": "github"
      },
      "original": {
        "owner": "mhayashi1120",
        "repo": "Emacs-wgrep",
        "type": "github"
      }
    },
    "whitespace-cleanup-mode": {
      "flake": false,
      "locked": {
        "lastModified": 1730964504,
        "narHash": "sha256-9JLqmips+bNfGIMrHcEVTX5Q3XHAEjYSqRKq8s+AWUk=",
        "owner": "purcell",
        "repo": "whitespace-cleanup-mode",
        "rev": "0c9b795d78e2b230c426684af59c71794f2fc8b0",
        "type": "github"
      },
      "original": {
        "owner": "purcell",
        "repo": "whitespace-cleanup-mode",
        "type": "github"
      }
    },
    "with-editor": {
      "flake": false,
      "locked": {
        "lastModified": 1748730612,
        "narHash": "sha256-p+IsSfXhsTNAcaQsEfbRup7g2oA5GOlppiWwCwYi36I=",
        "owner": "magit",
        "repo": "with-editor",
        "rev": "f32cd7b09d518b629bfaa3eeb92b539891c6b9bc",
        "type": "github"
      },
      "original": {
        "owner": "magit",
        "repo": "with-editor",
        "type": "github"
      }
    },
    "xterm-color": {
      "flake": false,
      "locked": {
        "lastModified": 1679357033,
        "narHash": "sha256-mj41auz6ukrcfBcQJLzHKcZ32o2tBoLBesSRNK7Sxv8=",
        "owner": "atomontage",
        "repo": "xterm-color",
        "rev": "2ad407c651e90fff2ea85d17bf074cee2c022912",
        "type": "github"
      },
      "original": {
        "owner": "atomontage",
        "repo": "xterm-color",
        "type": "github"
      }
    },
    "yasnippet": {
      "flake": false,
      "locked": {
        "lastModified": 1749025756,
        "narHash": "sha256-GXgZuIXm1btNkZLYFRq4MIuTczLpkmLGUTDft5mFdSI=",
        "owner": "joaotavora",
        "repo": "yasnippet",
        "rev": "c1e6ff23e9af16b856c88dfaab9d3ad7b746ad37",
        "type": "github"
      },
      "original": {
        "owner": "joaotavora",
        "repo": "yasnippet",
        "type": "github"
      }
    },
    "yasnippet-capf": {
      "flake": false,
      "locked": {
        "lastModified": 1747739106,
        "narHash": "sha256-KWh8trHgrU+v+52cF0e1aJQ3oc9y8D25dg2UwIvKmsM=",
        "owner": "elken",
        "repo": "yasnippet-capf",
        "rev": "f53c42a996b86fc95b96bdc2deeb58581f48c666",
        "type": "github"
      },
      "original": {
        "owner": "elken",
        "repo": "yasnippet-capf",
        "type": "github"
      }
    },
    "yasnippet-snippets": {
      "flake": false,
      "locked": {
        "lastModified": 1754641198,
        "narHash": "sha256-xwzSgMa3cb9Z4Sv09B3/Pd4SZ3JpzMw7kySODetFeZk=",
        "owner": "AndreaCrotti",
        "repo": "yasnippet-snippets",
        "rev": "4f9f9e7b29822d66a34b7d5f1c19ed65cce1d8e1",
        "type": "github"
      },
      "original": {
        "owner": "AndreaCrotti",
        "repo": "yasnippet-snippets",
        "type": "github"
      }
    },
    "zig-ts-mode": {
      "flake": false,
      "locked": {
        "lastModified": 1741400198,
        "narHash": "sha256-xqm8vQJQjR2JV/bBxPCWWr9PhBXxrtLYT7IJQRiPh9M=",
        "ref": "refs/heads/main",
        "rev": "3898b70d6f72da688e086323fa2922f1542d1318",
        "revCount": 33,
        "type": "git",
        "url": "https://codeberg.org/meow_king/zig-ts-mode.git"
      },
      "original": {
        "type": "git",
        "url": "https://codeberg.org/meow_king/zig-ts-mode.git"
      }
    }
  },
  "root": "root",
  "version": 7
}
