{
  "nodes": {
    "ace-window": {
      "flake": false,
      "locked": {
        "lastModified": 1662868721,
        "narHash": "sha256-eGmOL272H5X7BmeXRCfMjB3ucf9GH2xThyozgkW62dA=",
        "owner": "abo-abo",
        "repo": "ace-window",
        "rev": "77115afc1b0b9f633084cf7479c767988106c196",
        "type": "github"
      },
      "original": {
        "owner": "abo-abo",
        "repo": "ace-window",
        "type": "github"
      }
    },
    "activity-watch-mode": {
      "flake": false,
      "locked": {
        "lastModified": 1710316462,
        "narHash": "sha256-FZmWuu64D08kysLa/LU8o3W60s6/0FeQbVL923mJd1k=",
        "owner": "pauldub",
        "repo": "activity-watch-mode",
        "rev": "19aed6ca81a3b1e549f47867c924d180d8536791",
        "type": "github"
      },
      "original": {
        "owner": "pauldub",
        "repo": "activity-watch-mode",
        "type": "github"
      }
    },
    "all-the-icons": {
      "flake": false,
      "locked": {
        "lastModified": 1719165638,
        "narHash": "sha256-SlqJ8erFtiydEdgZFGJ23DQ9fZH4FF09iO6t3gf5pwE=",
        "owner": "domtronn",
        "repo": "all-the-icons.el",
        "rev": "39ef44f810c34e8900978788467cc675870bcd19",
        "type": "github"
      },
      "original": {
        "owner": "domtronn",
        "repo": "all-the-icons.el",
        "type": "github"
      }
    },
    "all-the-icons-completion": {
      "flake": false,
      "locked": {
        "lastModified": 1706474915,
        "narHash": "sha256-xnR0MFytxvAsxpgFxlnEccWicvpbO61kmZTWFOSZbvc=",
        "owner": "iyefrat",
        "repo": "all-the-icons-completion",
        "rev": "4c8bcad8033f5d0868ce82ea3807c6cd46c4a198",
        "type": "github"
      },
      "original": {
        "owner": "iyefrat",
        "repo": "all-the-icons-completion",
        "type": "github"
      }
    },
    "all-the-icons-dired": {
      "flake": false,
      "locked": {
        "lastModified": 1701955440,
        "narHash": "sha256-27xvh7qrK4CSPC4Q2cCyL1ztVQvU1BpdVtczSKzLk4c=",
        "owner": "wyuenho",
        "repo": "all-the-icons-dired",
        "rev": "e157f0668f22ed586aebe0a2c0186ab07702986c",
        "type": "github"
      },
      "original": {
        "owner": "wyuenho",
        "repo": "all-the-icons-dired",
        "type": "github"
      }
    },
    "apheleia": {
      "flake": false,
      "locked": {
        "lastModified": 1745799684,
        "narHash": "sha256-13sK6/dAG5LFSjRAapAT2adnhcLyXYM5/P4CrApN9IE=",
        "owner": "radian-software",
        "repo": "apheleia",
        "rev": "0c41a5a52c6af7ef9ce44a6e93a5ebacdc679c91",
        "type": "github"
      },
      "original": {
        "owner": "radian-software",
        "repo": "apheleia",
        "type": "github"
      }
    },
    "avy": {
      "flake": false,
      "locked": {
        "lastModified": 1730469433,
        "narHash": "sha256-p4IY1gksiC6YonDvaccISEbp6glz2AJoLgHzsc5fbvQ=",
        "owner": "abo-abo",
        "repo": "avy",
        "rev": "933d1f36cca0f71e4acb5fac707e9ae26c536264",
        "type": "github"
      },
      "original": {
        "owner": "abo-abo",
        "repo": "avy",
        "type": "github"
      }
    },
    "blackout": {
      "flake": false,
      "locked": {
        "lastModified": 1652140206,
        "narHash": "sha256-uRC5Khbx6ecsGE1mnWrC4XZy/Z/yqeSOwSqQ1uz+Z9I=",
        "owner": "radian-software",
        "repo": "blackout",
        "rev": "7707211370f03f03a2f74df15f42ac24a1e99300",
        "type": "github"
      },
      "original": {
        "owner": "radian-software",
        "repo": "blackout",
        "type": "github"
      }
    },
    "breadcrumb": {
      "flake": false,
      "locked": {
        "lastModified": 1739026408,
        "narHash": "sha256-N+FSQQht1FbosCy6uCFtiEA/3l9A2p2FOZ720wQ7GLw=",
        "owner": "joaotavora",
        "repo": "breadcrumb",
        "rev": "da34d030e6d01db2bba45b30080204b23a714c9f",
        "type": "github"
      },
      "original": {
        "owner": "joaotavora",
        "repo": "breadcrumb",
        "type": "github"
      }
    },
    "browse-at-remote": {
      "flake": false,
      "locked": {
        "lastModified": 1677131715,
        "narHash": "sha256-8MfUypwYDIEbpW9+LiwLuHFS84EumGNiZMEThAPSJSY=",
        "owner": "rmuslimov",
        "repo": "browse-at-remote",
        "rev": "76aa27dfd469fcae75ed7031bb73830831aaccbf",
        "type": "github"
      },
      "original": {
        "owner": "rmuslimov",
        "repo": "browse-at-remote",
        "type": "github"
      }
    },
    "bufler": {
      "flake": false,
      "locked": {
        "lastModified": 1743115561,
        "narHash": "sha256-QMc4vSlSPx0kCq637VhCX5xKx8qWAMIW4JNYP6LZdbU=",
        "owner": "alphapapa",
        "repo": "bufler.el",
        "rev": "b96822d2132fda6bd1dd86f017d7e76e3b990c82",
        "type": "github"
      },
      "original": {
        "owner": "alphapapa",
        "repo": "bufler.el",
        "type": "github"
      }
    },
    "burly": {
      "flake": false,
      "locked": {
        "lastModified": 1722059111,
        "narHash": "sha256-Sav0xOopQtZ8fZUmASqphQo48em8oRICOO+lVfUvGKM=",
        "owner": "alphapapa",
        "repo": "burly.el",
        "rev": "d5b7133b5b629dd6bca29bb16660a9e472e82e25",
        "type": "github"
      },
      "original": {
        "owner": "alphapapa",
        "repo": "burly.el",
        "type": "github"
      }
    },
    "cape": {
      "flake": false,
      "locked": {
        "lastModified": 1745934872,
        "narHash": "sha256-flMYolJVldKjeFkJX+lvBjJmOYtD1IRMWfH59IvRMuk=",
        "owner": "minad",
        "repo": "cape",
        "rev": "5546a2db8e3928d5a95e1174e69a5742ddf97c0f",
        "type": "github"
      },
      "original": {
        "owner": "minad",
        "repo": "cape",
        "type": "github"
      }
    },
    "cognitive-complexity": {
      "flake": false,
      "locked": {
        "lastModified": 1745364370,
        "narHash": "sha256-vhROoCp0vsBc/WKYMjTgBgOSWSZNO5bMGSpofzvM6Vs=",
        "owner": "emacs-vs",
        "repo": "cognitive-complexity",
        "rev": "de43dd7944a41b96af4ba89fc870a6048c9fe0b0",
        "type": "github"
      },
      "original": {
        "owner": "emacs-vs",
        "repo": "cognitive-complexity",
        "type": "github"
      }
    },
    "compat": {
      "flake": false,
      "locked": {
        "lastModified": 1743577427,
        "narHash": "sha256-WpMEptdi8N4Zt4oV+r+IXpNv6M0/fUjhw3KR3AWDvtc=",
        "owner": "emacs-compat",
        "repo": "compat",
        "rev": "7179960b7c82a7cca6bac60d79dd7fe09ae390a0",
        "type": "github"
      },
      "original": {
        "owner": "emacs-compat",
        "repo": "compat",
        "type": "github"
      }
    },
    "compile-multi": {
      "flake": false,
      "locked": {
        "lastModified": 1735768611,
        "narHash": "sha256-o6iy14Ovnm2F9kUU38s1FEyltjCXnAHloBy4XSbSR38=",
        "owner": "mohkale",
        "repo": "compile-multi",
        "rev": "19d16d8871b5f19f5625e1a66c1dc46a7c3f6a3a",
        "type": "github"
      },
      "original": {
        "owner": "mohkale",
        "repo": "compile-multi",
        "type": "github"
      }
    },
    "compile-multi-embark": {
      "flake": false,
      "locked": {
        "lastModified": 1735768611,
        "narHash": "sha256-o6iy14Ovnm2F9kUU38s1FEyltjCXnAHloBy4XSbSR38=",
        "owner": "mohkale",
        "repo": "compile-multi",
        "rev": "19d16d8871b5f19f5625e1a66c1dc46a7c3f6a3a",
        "type": "github"
      },
      "original": {
        "owner": "mohkale",
        "repo": "compile-multi",
        "type": "github"
      }
    },
    "compile-multi-nerd-icons": {
      "flake": false,
      "locked": {
        "lastModified": 1735768611,
        "narHash": "sha256-o6iy14Ovnm2F9kUU38s1FEyltjCXnAHloBy4XSbSR38=",
        "owner": "mohkale",
        "repo": "compile-multi",
        "rev": "19d16d8871b5f19f5625e1a66c1dc46a7c3f6a3a",
        "type": "github"
      },
      "original": {
        "owner": "mohkale",
        "repo": "compile-multi",
        "type": "github"
      }
    },
    "consult": {
      "flake": false,
      "locked": {
        "lastModified": 1745821337,
        "narHash": "sha256-9iXjO3QvY1p+wJoU8T/mkwGlu5gKjzcuF/MxBZqDdsw=",
        "owner": "minad",
        "repo": "consult",
        "rev": "ee64a2a2998e7ae462f5125f280cd656c18c77b4",
        "type": "github"
      },
      "original": {
        "owner": "minad",
        "repo": "consult",
        "type": "github"
      }
    },
    "consult-compile-multi": {
      "flake": false,
      "locked": {
        "lastModified": 1735768611,
        "narHash": "sha256-o6iy14Ovnm2F9kUU38s1FEyltjCXnAHloBy4XSbSR38=",
        "owner": "mohkale",
        "repo": "compile-multi",
        "rev": "19d16d8871b5f19f5625e1a66c1dc46a7c3f6a3a",
        "type": "github"
      },
      "original": {
        "owner": "mohkale",
        "repo": "compile-multi",
        "type": "github"
      }
    },
    "consult-dir": {
      "flake": false,
      "locked": {
        "lastModified": 1741838371,
        "narHash": "sha256-1YInMQQ0pnP1cZuGMpj+T6rzjQD9MEJeiq059LTWZvs=",
        "owner": "karthink",
        "repo": "consult-dir",
        "rev": "4532b8d215d16b0159691ce4dee693e72d71e0ff",
        "type": "github"
      },
      "original": {
        "owner": "karthink",
        "repo": "consult-dir",
        "type": "github"
      }
    },
    "consult-eglot": {
      "flake": false,
      "locked": {
        "lastModified": 1739742262,
        "narHash": "sha256-OnaTzpc0Qg5txt7xEvr6rnnEH0rHDViFs2oCSj55pfc=",
        "owner": "mohkale",
        "repo": "consult-eglot",
        "rev": "b71499f4b93bfea4e2005564c25c5bb0f9e73199",
        "type": "github"
      },
      "original": {
        "owner": "mohkale",
        "repo": "consult-eglot",
        "type": "github"
      }
    },
    "consult-todo": {
      "flake": false,
      "locked": {
        "lastModified": 1744916607,
        "narHash": "sha256-MRYlhI8gJjj3fWoS6weuXum8TVRq8Uo4UI3S8Waojo4=",
        "owner": "eki3z",
        "repo": "consult-todo",
        "rev": "f9ba063a6714cb95ddbd886786ada93771f3c140",
        "type": "github"
      },
      "original": {
        "owner": "eki3z",
        "repo": "consult-todo",
        "type": "github"
      }
    },
    "consult-xref-stack": {
      "flake": false,
      "locked": {
        "lastModified": 1732577615,
        "narHash": "sha256-TUACrdK/AxwFn7/HFuaHGkq0hscVtPIXy4TDf0rLYqo=",
        "owner": "brett-lempereur",
        "repo": "consult-xref-stack",
        "rev": "aa9bbf7a3ff43353b7c10595b3d13887b213466b",
        "type": "github"
      },
      "original": {
        "owner": "brett-lempereur",
        "repo": "consult-xref-stack",
        "type": "github"
      }
    },
    "corfu": {
      "flake": false,
      "locked": {
        "lastModified": 1745821187,
        "narHash": "sha256-f1Mhz3TWXbz7gWfCZxtehf1BYrCJ0Mf4DbArCu6xVAc=",
        "owner": "minad",
        "repo": "corfu",
        "rev": "2e05fe8244fff22c3c3d2af4334b1850250212a9",
        "type": "github"
      },
      "original": {
        "owner": "minad",
        "repo": "corfu",
        "type": "github"
      }
    },
    "dape": {
      "flake": false,
      "locked": {
        "lastModified": 1745669327,
        "narHash": "sha256-sFZbXlgB7wQn8qwz4qxf+HEyOBtBxxMlxmDYKRCIeGU=",
        "owner": "svaante",
        "repo": "dape",
        "rev": "b3b15053ea19821205f43528b61cc2d9e0a4a21a",
        "type": "github"
      },
      "original": {
        "owner": "svaante",
        "repo": "dape",
        "type": "github"
      }
    },
    "dash": {
      "flake": false,
      "locked": {
        "lastModified": 1741784833,
        "narHash": "sha256-1TxfU88Ouc9Tx+ouzLxTKNpS/HjJPOsFobyZuIJxUyQ=",
        "owner": "magnars",
        "repo": "dash.el",
        "rev": "fcb5d831fc08a43f984242c7509870f30983c27c",
        "type": "github"
      },
      "original": {
        "owner": "magnars",
        "repo": "dash.el",
        "type": "github"
      }
    },
    "devdocs": {
      "flake": false,
      "locked": {
        "lastModified": 1731505297,
        "narHash": "sha256-V3Cv8qM1M1AZ9qOz0rtbQt+T/GJHhJRPlfjWVRYX7GE=",
        "owner": "astoff",
        "repo": "devdocs.el",
        "rev": "d2214d34cdeb4483a594dd6973fcd095cef4653f",
        "type": "github"
      },
      "original": {
        "owner": "astoff",
        "repo": "devdocs.el",
        "type": "github"
      }
    },
    "diff-hl": {
      "flake": false,
      "locked": {
        "lastModified": 1746015727,
        "narHash": "sha256-pFBWyiMJZqYbt2/J525MwO7FCf+7f5/MIMRAkTIL/zU=",
        "owner": "dgutov",
        "repo": "diff-hl",
        "rev": "aa667ac58ab9f7448cb4278d07c6abea701d6ee0",
        "type": "github"
      },
      "original": {
        "owner": "dgutov",
        "repo": "diff-hl",
        "type": "github"
      }
    },
    "diredfl": {
      "flake": false,
      "locked": {
        "lastModified": 1733053302,
        "narHash": "sha256-FT+OGJHJRocJbSSpVSGQlORWk2/LRdwTM6FECGB636Y=",
        "owner": "purcell",
        "repo": "diredfl",
        "rev": "fe72d2e42ee18bf6228bba9d7086de4098f18a70",
        "type": "github"
      },
      "original": {
        "owner": "purcell",
        "repo": "diredfl",
        "type": "github"
      }
    },
    "editorconfig": {
      "flake": false,
      "locked": {
        "lastModified": 1745734251,
        "narHash": "sha256-nh0ib1DMZ4xDARxOvVlvFX9jJwnjzG2OXYp5cWu9dik=",
        "owner": "editorconfig",
        "repo": "editorconfig-emacs",
        "rev": "d2beb3ec2e7f84505818594124a7202d5d6d0185",
        "type": "github"
      },
      "original": {
        "owner": "editorconfig",
        "repo": "editorconfig-emacs",
        "type": "github"
      }
    },
    "eglot-booster": {
      "flake": false,
      "locked": {
        "lastModified": 1745848117,
        "narHash": "sha256-teAKWDDL7IrCBiZUVIVlB3W22G9H6IrWiRV/P62dFy0=",
        "owner": "jdtsmith",
        "repo": "eglot-booster",
        "rev": "1260d2f7dd18619b42359aa3e1ba6871aa52fd26",
        "type": "github"
      },
      "original": {
        "owner": "jdtsmith",
        "repo": "eglot-booster",
        "type": "github"
      }
    },
    "eglot-inactive-regions": {
      "flake": false,
      "locked": {
        "lastModified": 1742967410,
        "narHash": "sha256-P+fIpCc1nmSia5KxWU5AhzLn4L5Q5KmVXY8hUG2FpUA=",
        "owner": "fargiolas",
        "repo": "eglot-inactive-regions",
        "rev": "3d973b45afbf3afa835abaf3d99c993b5426a596",
        "type": "github"
      },
      "original": {
        "owner": "fargiolas",
        "repo": "eglot-inactive-regions",
        "type": "github"
      }
    },
    "eglot-supplements": {
      "flake": false,
      "locked": {
        "lastModified": 1736869077,
        "narHash": "sha256-5ayBOmTHm91McxWu2usVgQCqkUqi66qe6yAyG3oETTw=",
        "ref": "refs/heads/main",
        "rev": "e6664decdd9eb2a0af2272fa13448cac44ba18fd",
        "revCount": 160,
        "type": "git",
        "url": "https://codeberg.org/harald/eglot-supplements.git"
      },
      "original": {
        "type": "git",
        "url": "https://codeberg.org/harald/eglot-supplements.git"
      }
    },
    "embark": {
      "flake": false,
      "locked": {
        "lastModified": 1745427002,
        "narHash": "sha256-ANBl7D+rguKp303v1GjSzsTI5foFzVdPFqfq1tTjbow=",
        "owner": "oantolin",
        "repo": "embark",
        "rev": "923d0ec52e2e3e0ae44e497c31c7888e87d08a8f",
        "type": "github"
      },
      "original": {
        "owner": "oantolin",
        "repo": "embark",
        "type": "github"
      }
    },
    "embark-consult": {
      "flake": false,
      "locked": {
        "lastModified": 1745427002,
        "narHash": "sha256-ANBl7D+rguKp303v1GjSzsTI5foFzVdPFqfq1tTjbow=",
        "owner": "oantolin",
        "repo": "embark",
        "rev": "923d0ec52e2e3e0ae44e497c31c7888e87d08a8f",
        "type": "github"
      },
      "original": {
        "owner": "oantolin",
        "repo": "embark",
        "type": "github"
      }
    },
    "envrc": {
      "flake": false,
      "locked": {
        "lastModified": 1743526583,
        "narHash": "sha256-1PvINLJJqKOqJnxQ6zFsJCZw62IMqvBn9C2sthu1INA=",
        "owner": "purcell",
        "repo": "envrc",
        "rev": "4ca2166ac72e756d314fc2348ce1c93d807c1a14",
        "type": "github"
      },
      "original": {
        "owner": "purcell",
        "repo": "envrc",
        "type": "github"
      }
    },
    "f": {
      "flake": false,
      "locked": {
        "lastModified": 1727955076,
        "narHash": "sha256-rDUl2oUlcnSjNbFZn9A/80RVk6neaTScw2kvh6FjmTE=",
        "owner": "rejeep",
        "repo": "f.el",
        "rev": "931b6d0667fe03e7bf1c6c282d6d8d7006143c52",
        "type": "github"
      },
      "original": {
        "owner": "rejeep",
        "repo": "f.el",
        "type": "github"
      }
    },
    "git-timemachine": {
      "flake": false,
      "locked": {
        "lastModified": 1738057257,
        "narHash": "sha256-jLzGzS2SnRTIjT3MzNbRUyZCY3Yiv2AVTVAmC/SkQt0=",
        "ref": "refs/heads/master",
        "rev": "d1346a76122595aeeb7ebb292765841c6cfd417b",
        "revCount": 142,
        "type": "git",
        "url": "https://codeberg.org/pidu/git-timemachine.git"
      },
      "original": {
        "type": "git",
        "url": "https://codeberg.org/pidu/git-timemachine.git"
      }
    },
    "gumshoe": {
      "flake": false,
      "locked": {
        "lastModified": 1725313067,
        "narHash": "sha256-bl0ekbnBTHdf4zfcFSwMJF44vuv7hQADVKpBujAzt48=",
        "owner": "Overdr0ne",
        "repo": "gumshoe",
        "rev": "f84bec6057506ec3f145cd3e06b320f1e40efcdf",
        "type": "github"
      },
      "original": {
        "owner": "Overdr0ne",
        "repo": "gumshoe",
        "type": "github"
      }
    },
    "hl-todo": {
      "flake": false,
      "locked": {
        "lastModified": 1740847417,
        "narHash": "sha256-YCel5vwWfxf3nBM87+HeTDr/RRfOtFRGZkjqCGcSHno=",
        "owner": "tarsius",
        "repo": "hl-todo",
        "rev": "0ce21c329b686802121df45bf4ae15ae201137bf",
        "type": "github"
      },
      "original": {
        "owner": "tarsius",
        "repo": "hl-todo",
        "type": "github"
      }
    },
    "hydra": {
      "flake": false,
      "locked": {
        "lastModified": 1742129692,
        "narHash": "sha256-OtGbTkC3j4jFlcbopvHhRoUJlDjnIsO4eeDYgngNntY=",
        "owner": "abo-abo",
        "repo": "hydra",
        "rev": "59a2a45a35027948476d1d7751b0f0215b1e61aa",
        "type": "github"
      },
      "original": {
        "owner": "abo-abo",
        "repo": "hydra",
        "type": "github"
      }
    },
    "inheritenv": {
      "flake": false,
      "locked": {
        "lastModified": 1732024534,
        "narHash": "sha256-qzM7uepVOTQyxJmngiePHVXFdeOw59wGvwiKl3xEDT4=",
        "owner": "purcell",
        "repo": "inheritenv",
        "rev": "b9e67cc20c069539698a9ac54d0e6cc11e616c6f",
        "type": "github"
      },
      "original": {
        "owner": "purcell",
        "repo": "inheritenv",
        "type": "github"
      }
    },
    "jinx": {
      "flake": false,
      "locked": {
        "lastModified": 1745911623,
        "narHash": "sha256-bK8sAc/K7xDwn8duwQbsl6qvqoSMyTs7DnUKUFpQAVk=",
        "owner": "minad",
        "repo": "jinx",
        "rev": "22b8f2273dac63b6231fab53fba8afb1a789ceb7",
        "type": "github"
      },
      "original": {
        "owner": "minad",
        "repo": "jinx",
        "type": "github"
      }
    },
    "kind-icon": {
      "flake": false,
      "locked": {
        "lastModified": 1741706818,
        "narHash": "sha256-hxcm/6jVy4s+JRJV7zLX6V8+hzpCihKsMAbWH1H7KhA=",
        "owner": "jdtsmith",
        "repo": "kind-icon",
        "rev": "556b0fb92aac24979b2c501431c7d48f75a5169f",
        "type": "github"
      },
      "original": {
        "owner": "jdtsmith",
        "repo": "kind-icon",
        "type": "github"
      }
    },
    "llama": {
      "flake": false,
      "locked": {
        "lastModified": 1741982950,
        "narHash": "sha256-RUlBscgIFVr3G+bo3/0ETdqTw0WECBGLC+47Qo4l9ik=",
        "owner": "tarsius",
        "repo": "llama",
        "rev": "48e5bc4919a4a29665362832d59ade8e248b0c3e",
        "type": "github"
      },
      "original": {
        "owner": "tarsius",
        "repo": "llama",
        "type": "github"
      }
    },
    "lsp-snippet": {
      "flake": false,
      "locked": {
        "lastModified": 1735744674,
        "narHash": "sha256-r9RXvM0LIqXLWB4o+A9D0kBdjTVnpVbDfHmnOJw3+9w=",
        "owner": "svaante",
        "repo": "lsp-snippet",
        "rev": "4af77c59ba41440940c43a52918a193459d874e1",
        "type": "github"
      },
      "original": {
        "owner": "svaante",
        "repo": "lsp-snippet",
        "type": "github"
      }
    },
    "lsp-snippet-tempel": {
      "flake": false,
      "locked": {
        "lastModified": 1735744674,
        "narHash": "sha256-r9RXvM0LIqXLWB4o+A9D0kBdjTVnpVbDfHmnOJw3+9w=",
        "owner": "svaante",
        "repo": "lsp-snippet",
        "rev": "4af77c59ba41440940c43a52918a193459d874e1",
        "type": "github"
      },
      "original": {
        "owner": "svaante",
        "repo": "lsp-snippet",
        "type": "github"
      }
    },
    "lv": {
      "flake": false,
      "locked": {
        "lastModified": 1742129692,
        "narHash": "sha256-OtGbTkC3j4jFlcbopvHhRoUJlDjnIsO4eeDYgngNntY=",
        "owner": "abo-abo",
        "repo": "hydra",
        "rev": "59a2a45a35027948476d1d7751b0f0215b1e61aa",
        "type": "github"
      },
      "original": {
        "owner": "abo-abo",
        "repo": "hydra",
        "type": "github"
      }
    },
    "magit": {
      "flake": false,
      "locked": {
        "lastModified": 1746089280,
        "narHash": "sha256-oClenYtLF5b2VIc0lJSlCpnChU6iYDxcfGbYERNmwiE=",
        "owner": "magit",
        "repo": "magit",
        "rev": "531e7ca6190e71e6d500ddd1a1f6e5cf8402aeca",
        "type": "github"
      },
      "original": {
        "owner": "magit",
        "repo": "magit",
        "type": "github"
      }
    },
    "magit-delta": {
      "flake": false,
      "locked": {
        "lastModified": 1643071831,
        "narHash": "sha256-PM79aVdjjuBNgHqiu215EWdjHf6/sWunezcI31Iu8M4=",
        "owner": "dandavison",
        "repo": "magit-delta",
        "rev": "5fc7dbddcfacfe46d3fd876172ad02a9ab6ac616",
        "type": "github"
      },
      "original": {
        "owner": "dandavison",
        "repo": "magit-delta",
        "type": "github"
      }
    },
    "magit-section": {
      "flake": false,
      "locked": {
        "lastModified": 1746089280,
        "narHash": "sha256-oClenYtLF5b2VIc0lJSlCpnChU6iYDxcfGbYERNmwiE=",
        "owner": "magit",
        "repo": "magit",
        "rev": "531e7ca6190e71e6d500ddd1a1f6e5cf8402aeca",
        "type": "github"
      },
      "original": {
        "owner": "magit",
        "repo": "magit",
        "type": "github"
      }
    },
    "marginalia": {
      "flake": false,
      "locked": {
        "lastModified": 1745821359,
        "narHash": "sha256-rL6KuzDgxnSvoGxw6raCvaL/4yyprdjpKOw3zV/XO/0=",
        "owner": "minad",
        "repo": "marginalia",
        "rev": "2ff4d690f78fb86573c11a32631e53627947ebee",
        "type": "github"
      },
      "original": {
        "owner": "minad",
        "repo": "marginalia",
        "type": "github"
      }
    },
    "markdown-mode": {
      "flake": false,
      "locked": {
        "lastModified": 1746078706,
        "narHash": "sha256-PIR6xSbMv4JRK7cbjM9qRuSKhYuHyyEcbEPOHtSXgaU=",
        "owner": "jrblevin",
        "repo": "markdown-mode",
        "rev": "90ad4af79a8bb65a3a5cdd6314be44abd9517cfc",
        "type": "github"
      },
      "original": {
        "owner": "jrblevin",
        "repo": "markdown-mode",
        "type": "github"
      }
    },
    "mathjax": {
      "flake": false,
      "locked": {
        "lastModified": 1731487181,
        "narHash": "sha256-McyqJadcSzUd98moe2Y4tXcMsSjx4YAos2MtyEVd58E=",
        "owner": "astoff",
        "repo": "mathjax.el",
        "rev": "db669451bbee7d2ea9872c28661c4679391b9644",
        "type": "github"
      },
      "original": {
        "owner": "astoff",
        "repo": "mathjax.el",
        "type": "github"
      }
    },
    "modus-themes": {
      "flake": false,
      "locked": {
        "lastModified": 1745816182,
        "narHash": "sha256-VXEyG6RAvOqg8LrX4bxLVaFb3LRPk2+XSvDDEBwMXmM=",
        "owner": "protesilaos",
        "repo": "modus-themes",
        "rev": "847311bf740a043deff3124492d5c53141e5701c",
        "type": "github"
      },
      "original": {
        "owner": "protesilaos",
        "repo": "modus-themes",
        "type": "github"
      }
    },
    "nerd-icons": {
      "flake": false,
      "locked": {
        "lastModified": 1742780863,
        "narHash": "sha256-78yCWn0/LyAN6QTYfnMohS1yjBVYeF7srBROM0eQvOQ=",
        "owner": "rainstormstudio",
        "repo": "nerd-icons.el",
        "rev": "14f7278dd7eb5eca762a6ff32467c72c661c0aae",
        "type": "github"
      },
      "original": {
        "owner": "rainstormstudio",
        "repo": "nerd-icons.el",
        "type": "github"
      }
    },
    "nerd-icons-completion": {
      "flake": false,
      "locked": {
        "lastModified": 1734806775,
        "narHash": "sha256-otW6wmyIf0nlebKKF7l7KtVQ83+vGBjyYp5pXf7Pflk=",
        "owner": "rainstormstudio",
        "repo": "nerd-icons-completion",
        "rev": "8e5b995eb2439850ab21ba6062d9e6942c82ab9c",
        "type": "github"
      },
      "original": {
        "owner": "rainstormstudio",
        "repo": "nerd-icons-completion",
        "type": "github"
      }
    },
    "nerd-icons-dired": {
      "flake": false,
      "locked": {
        "lastModified": 1728785575,
        "narHash": "sha256-yoiwuf90qhwzSGQgaXZb+Zo+cTxjeEIt6NoZKQb8mMc=",
        "owner": "rainstormstudio",
        "repo": "nerd-icons-dired",
        "rev": "c0b0cda2b92f831d0f764a7e8c0c6728d6a27774",
        "type": "github"
      },
      "original": {
        "owner": "rainstormstudio",
        "repo": "nerd-icons-dired",
        "type": "github"
      }
    },
    "nix-ts-mode": {
      "flake": false,
      "locked": {
        "lastModified": 1740766958,
        "narHash": "sha256-+TkkeiL2Dx8Tj5csLghQJFWlV3RqCHKDh2gEHX3hdZQ=",
        "owner": "nix-community",
        "repo": "nix-ts-mode",
        "rev": "62ce3a2dc39529c5db3516427e84b2c96b8efcfd",
        "type": "github"
      },
      "original": {
        "owner": "nix-community",
        "repo": "nix-ts-mode",
        "type": "github"
      }
    },
    "orderless": {
      "flake": false,
      "locked": {
        "lastModified": 1742158008,
        "narHash": "sha256-iGpDDteSXzaWC++RTX4lhLVs1OlbWU4gAMYKMaYLSdE=",
        "owner": "oantolin",
        "repo": "orderless",
        "rev": "254f2412489bbbf62700f9d3d5f18e537841dcc3",
        "type": "github"
      },
      "original": {
        "owner": "oantolin",
        "repo": "orderless",
        "type": "github"
      }
    },
    "pretty-hydra": {
      "flake": false,
      "locked": {
        "lastModified": 1741647791,
        "narHash": "sha256-X4HUg3Lm6wx8Z7pqpoBroICu4AO8nJi4DPycLqiTEmc=",
        "owner": "jerrypnz",
        "repo": "major-mode-hydra.el",
        "rev": "2494d71e24b61c1f5ef2dc17885e2f65bf98b3b2",
        "type": "github"
      },
      "original": {
        "owner": "jerrypnz",
        "repo": "major-mode-hydra.el",
        "type": "github"
      }
    },
    "python-pytest": {
      "flake": false,
      "locked": {
        "lastModified": 1730831466,
        "narHash": "sha256-c8tbMnQ8Q7sPBSaFb9ZcIy7IhSdkPXIXG5PeQzNSy7Q=",
        "owner": "wbolster",
        "repo": "emacs-python-pytest",
        "rev": "25d9801562a789ea5debceb1992bd528ebb4f689",
        "type": "github"
      },
      "original": {
        "owner": "wbolster",
        "repo": "emacs-python-pytest",
        "type": "github"
      }
    },
    "repeat-help": {
      "flake": false,
      "locked": {
        "lastModified": 1674001469,
        "narHash": "sha256-dW712mEo9qT5XwKqDFrUs92ihJFH2EIKVJIlj75Y3NI=",
        "owner": "karthink",
        "repo": "repeat-help",
        "rev": "41dea6fba2edd6ac748d0ca7a6da4058290feede",
        "type": "github"
      },
      "original": {
        "owner": "karthink",
        "repo": "repeat-help",
        "type": "github"
      }
    },
    "request": {
      "flake": false,
      "locked": {
        "lastModified": 1740009121,
        "narHash": "sha256-BFxOsHTKHghIPFeUyaNXJGZbCD2mIMdRG2qby8p0TpU=",
        "owner": "tkf",
        "repo": "emacs-request",
        "rev": "c22e3c23a6dd90f64be536e176ea0ed6113a5ba6",
        "type": "github"
      },
      "original": {
        "owner": "tkf",
        "repo": "emacs-request",
        "type": "github"
      }
    },
    "root": {
      "inputs": {
        "ace-window": "ace-window",
        "activity-watch-mode": "activity-watch-mode",
        "all-the-icons": "all-the-icons",
        "all-the-icons-completion": "all-the-icons-completion",
        "all-the-icons-dired": "all-the-icons-dired",
        "apheleia": "apheleia",
        "avy": "avy",
        "blackout": "blackout",
        "breadcrumb": "breadcrumb",
        "browse-at-remote": "browse-at-remote",
        "bufler": "bufler",
        "burly": "burly",
        "cape": "cape",
        "cognitive-complexity": "cognitive-complexity",
        "compat": "compat",
        "compile-multi": "compile-multi",
        "compile-multi-embark": "compile-multi-embark",
        "compile-multi-nerd-icons": "compile-multi-nerd-icons",
        "consult": "consult",
        "consult-compile-multi": "consult-compile-multi",
        "consult-dir": "consult-dir",
        "consult-eglot": "consult-eglot",
        "consult-todo": "consult-todo",
        "consult-xref-stack": "consult-xref-stack",
        "corfu": "corfu",
        "dape": "dape",
        "dash": "dash",
        "devdocs": "devdocs",
        "diff-hl": "diff-hl",
        "diredfl": "diredfl",
        "editorconfig": "editorconfig",
        "eglot-booster": "eglot-booster",
        "eglot-inactive-regions": "eglot-inactive-regions",
        "eglot-supplements": "eglot-supplements",
        "embark": "embark",
        "embark-consult": "embark-consult",
        "envrc": "envrc",
        "f": "f",
        "git-timemachine": "git-timemachine",
        "gumshoe": "gumshoe",
        "hl-todo": "hl-todo",
        "hydra": "hydra",
        "inheritenv": "inheritenv",
        "jinx": "jinx",
        "kind-icon": "kind-icon",
        "llama": "llama",
        "lsp-snippet": "lsp-snippet",
        "lsp-snippet-tempel": "lsp-snippet-tempel",
        "lv": "lv",
        "magit": "magit",
        "magit-delta": "magit-delta",
        "magit-section": "magit-section",
        "marginalia": "marginalia",
        "markdown-mode": "markdown-mode",
        "mathjax": "mathjax",
        "modus-themes": "modus-themes",
        "nerd-icons": "nerd-icons",
        "nerd-icons-completion": "nerd-icons-completion",
        "nerd-icons-dired": "nerd-icons-dired",
        "nix-ts-mode": "nix-ts-mode",
        "orderless": "orderless",
        "pretty-hydra": "pretty-hydra",
        "python-pytest": "python-pytest",
        "repeat-help": "repeat-help",
        "request": "request",
        "rust-mode": "rust-mode",
        "rustic": "rustic",
        "s": "s",
        "spinner": "spinner",
        "svg-lib": "svg-lib",
        "tempel": "tempel",
        "tldr": "tldr",
        "transpose-frame": "transpose-frame",
        "treesit-fold": "treesit-fold",
        "vertico": "vertico",
        "vundo": "vundo",
        "wgrep": "wgrep",
        "whitespace-cleanup-mode": "whitespace-cleanup-mode",
        "with-editor": "with-editor",
        "xterm-color": "xterm-color",
        "zig-ts-mode": "zig-ts-mode"
      }
    },
    "rust-mode": {
      "flake": false,
      "locked": {
        "lastModified": 1745367315,
        "narHash": "sha256-B8X5WCParPg51akJuShrZGqeNthwR6zo9ZI/CWtnCrY=",
        "owner": "rust-lang",
        "repo": "rust-mode",
        "rev": "25d91cff281909e9b7cb84e31211c4e7b0480f94",
        "type": "github"
      },
      "original": {
        "owner": "rust-lang",
        "repo": "rust-mode",
        "type": "github"
      }
    },
    "rustic": {
      "flake": false,
      "locked": {
        "lastModified": 1745375496,
        "narHash": "sha256-5A9PyAhcwTRRgLIhPCX2F6X9dKXRA3/t2mj03nKKUiA=",
        "owner": "emacs-rustic",
        "repo": "rustic",
        "rev": "29f912c7505e0c5a4f52122d67ae4259af90937e",
        "type": "github"
      },
      "original": {
        "owner": "emacs-rustic",
        "repo": "rustic",
        "type": "github"
      }
    },
    "s": {
      "flake": false,
      "locked": {
        "lastModified": 1681482914,
        "narHash": "sha256-fbF/SyPwEiJICaPBq0xWj2yLWjdNwkaLF2iYvZ2EO1k=",
        "owner": "magnars",
        "repo": "s.el",
        "rev": "dda84d38fffdaf0c9b12837b504b402af910d01d",
        "type": "github"
      },
      "original": {
        "owner": "magnars",
        "repo": "s.el",
        "type": "github"
      }
    },
    "spinner": {
      "flake": false,
      "locked": {
        "lastModified": 1663246199,
        "narHash": "sha256-Ad6J3xGUWD+WDP3BbsgKvxJb90VMOkjJuIt/fhBu+rs=",
        "owner": "Malabarba",
        "repo": "spinner.el",
        "rev": "d4647ae87fb0cd24bc9081a3d287c860ff061c21",
        "type": "github"
      },
      "original": {
        "owner": "Malabarba",
        "repo": "spinner.el",
        "type": "github"
      }
    },
    "svg-lib": {
      "flake": false,
      "locked": {
        "lastModified": 1708359207,
        "narHash": "sha256-nF0Pv6a02YV7bJqyLPxlQmw0NcR3X9rTX+ea/KFqvTE=",
        "owner": "rougier",
        "repo": "svg-lib",
        "rev": "39621cd178dbf903414156d893c1eefe217b7c29",
        "type": "github"
      },
      "original": {
        "owner": "rougier",
        "repo": "svg-lib",
        "type": "github"
      }
    },
    "tempel": {
      "flake": false,
      "locked": {
        "lastModified": 1745821377,
        "narHash": "sha256-TDqtMujKoD574FubI5jrIEgLlqB4nq1oDwk5CTRLrHQ=",
        "owner": "minad",
        "repo": "tempel",
        "rev": "5e1ff7f5e259db0bf24b3258e855e07564400d40",
        "type": "github"
      },
      "original": {
        "owner": "minad",
        "repo": "tempel",
        "type": "github"
      }
    },
    "tldr": {
      "flake": false,
      "locked": {
        "lastModified": 1677634598,
        "narHash": "sha256-e9Nvnusx5lQzTlctO6sZJOwLUKSQvq8pWbYSvaEvu2E=",
        "owner": "kuanyui",
        "repo": "tldr.el",
        "rev": "1b09d2032491d3904bd7ee9bf5ba7c7503db6593",
        "type": "github"
      },
      "original": {
        "owner": "kuanyui",
        "repo": "tldr.el",
        "type": "github"
      }
    },
    "transpose-frame": {
      "flake": false,
      "locked": {
        "lastModified": 1668027203,
        "narHash": "sha256-fq+pLV+dqbNMcDkluFzGUjDQeUGj84IQdzif5r/t2YA=",
        "owner": "emacsorphanage",
        "repo": "transpose-frame",
        "rev": "94c87794d53883a2358d13da264ad8dab9a52daa",
        "type": "github"
      },
      "original": {
        "owner": "emacsorphanage",
        "repo": "transpose-frame",
        "type": "github"
      }
    },
    "treesit-fold": {
      "flake": false,
      "locked": {
        "lastModified": 1745362540,
        "narHash": "sha256-/fWp3q572zX+TzdHE4LCuEMzmiAllIHaoWjTfKeXIEQ=",
        "owner": "emacs-tree-sitter",
        "repo": "treesit-fold",
        "rev": "6628b7cce585328e05d810b5505e4fdb9306f24f",
        "type": "github"
      },
      "original": {
        "owner": "emacs-tree-sitter",
        "repo": "treesit-fold",
        "type": "github"
      }
    },
    "vertico": {
      "flake": false,
      "locked": {
        "lastModified": 1745821175,
        "narHash": "sha256-HrEuJtQI7YFuYvAOfdUqp/dsF/sqyaIx4ghqProwZTs=",
        "owner": "minad",
        "repo": "vertico",
        "rev": "304be874be3d6198f80f987c1b433c816c4e1d3f",
        "type": "github"
      },
      "original": {
        "owner": "minad",
        "repo": "vertico",
        "type": "github"
      }
    },
    "vundo": {
      "flake": false,
      "locked": {
        "lastModified": 1744928163,
        "narHash": "sha256-j8ECciVJHm7k7l6Vpkqoz0pzrXQrp3DLT3aEoIOrrRs=",
        "owner": "casouri",
        "repo": "vundo",
        "rev": "d09448aa537a63e35a4bc6b38ceb2c168e891342",
        "type": "github"
      },
      "original": {
        "owner": "casouri",
        "repo": "vundo",
        "type": "github"
      }
    },
    "wgrep": {
      "flake": false,
      "locked": {
        "lastModified": 1733490377,
        "narHash": "sha256-SQR3R/Vue/Rx3MvQiI6BotOKs39nES07hXsiOKMb/Kc=",
        "owner": "mhayashi1120",
        "repo": "Emacs-wgrep",
        "rev": "49f09ab9b706d2312cab1199e1eeb1bcd3f27f6f",
        "type": "github"
      },
      "original": {
        "owner": "mhayashi1120",
        "repo": "Emacs-wgrep",
        "type": "github"
      }
    },
    "whitespace-cleanup-mode": {
      "flake": false,
      "locked": {
        "lastModified": 1730964504,
        "narHash": "sha256-9JLqmips+bNfGIMrHcEVTX5Q3XHAEjYSqRKq8s+AWUk=",
        "owner": "purcell",
        "repo": "whitespace-cleanup-mode",
        "rev": "0c9b795d78e2b230c426684af59c71794f2fc8b0",
        "type": "github"
      },
      "original": {
        "owner": "purcell",
        "repo": "whitespace-cleanup-mode",
        "type": "github"
      }
    },
    "with-editor": {
      "flake": false,
      "locked": {
        "lastModified": 1733062747,
        "narHash": "sha256-2vOaqiJsOapTRRIXwTg5j3jaAauLly7OJRtGDIzGQUA=",
        "owner": "magit",
        "repo": "with-editor",
        "rev": "ca902ae02972bdd6919a902be2593d8cb6bd991b",
        "type": "github"
      },
      "original": {
        "owner": "magit",
        "repo": "with-editor",
        "type": "github"
      }
    },
    "xterm-color": {
      "flake": false,
      "locked": {
        "lastModified": 1679357033,
        "narHash": "sha256-mj41auz6ukrcfBcQJLzHKcZ32o2tBoLBesSRNK7Sxv8=",
        "owner": "atomontage",
        "repo": "xterm-color",
        "rev": "2ad407c651e90fff2ea85d17bf074cee2c022912",
        "type": "github"
      },
      "original": {
        "owner": "atomontage",
        "repo": "xterm-color",
        "type": "github"
      }
    },
    "zig-ts-mode": {
      "flake": false,
      "locked": {
        "lastModified": 1741400198,
        "narHash": "sha256-xqm8vQJQjR2JV/bBxPCWWr9PhBXxrtLYT7IJQRiPh9M=",
        "ref": "refs/heads/main",
        "rev": "3898b70d6f72da688e086323fa2922f1542d1318",
        "revCount": 33,
        "type": "git",
        "url": "https://codeberg.org/meow_king/zig-ts-mode.git"
      },
      "original": {
        "type": "git",
        "url": "https://codeberg.org/meow_king/zig-ts-mode.git"
      }
    }
  },
  "root": "root",
  "version": 7
}
