{
  "nodes": {
    "ace-window": {
      "flake": false,
      "locked": {
        "lastModified": 1662868721,
        "narHash": "sha256-eGmOL272H5X7BmeXRCfMjB3ucf9GH2xThyozgkW62dA=",
        "owner": "abo-abo",
        "repo": "ace-window",
        "rev": "77115afc1b0b9f633084cf7479c767988106c196",
        "type": "github"
      },
      "original": {
        "owner": "abo-abo",
        "repo": "ace-window",
        "type": "github"
      }
    },
    "activity-watch-mode": {
      "flake": false,
      "locked": {
        "lastModified": 1710316462,
        "narHash": "sha256-FZmWuu64D08kysLa/LU8o3W60s6/0FeQbVL923mJd1k=",
        "owner": "pauldub",
        "repo": "activity-watch-mode",
        "rev": "19aed6ca81a3b1e549f47867c924d180d8536791",
        "type": "github"
      },
      "original": {
        "owner": "pauldub",
        "repo": "activity-watch-mode",
        "type": "github"
      }
    },
    "all-the-icons": {
      "flake": false,
      "locked": {
        "lastModified": 1719165638,
        "narHash": "sha256-SlqJ8erFtiydEdgZFGJ23DQ9fZH4FF09iO6t3gf5pwE=",
        "owner": "domtronn",
        "repo": "all-the-icons.el",
        "rev": "39ef44f810c34e8900978788467cc675870bcd19",
        "type": "github"
      },
      "original": {
        "owner": "domtronn",
        "repo": "all-the-icons.el",
        "type": "github"
      }
    },
    "all-the-icons-completion": {
      "flake": false,
      "locked": {
        "lastModified": 1706474915,
        "narHash": "sha256-xnR0MFytxvAsxpgFxlnEccWicvpbO61kmZTWFOSZbvc=",
        "owner": "iyefrat",
        "repo": "all-the-icons-completion",
        "rev": "4c8bcad8033f5d0868ce82ea3807c6cd46c4a198",
        "type": "github"
      },
      "original": {
        "owner": "iyefrat",
        "repo": "all-the-icons-completion",
        "type": "github"
      }
    },
    "all-the-icons-dired": {
      "flake": false,
      "locked": {
        "lastModified": 1701955440,
        "narHash": "sha256-27xvh7qrK4CSPC4Q2cCyL1ztVQvU1BpdVtczSKzLk4c=",
        "owner": "wyuenho",
        "repo": "all-the-icons-dired",
        "rev": "e157f0668f22ed586aebe0a2c0186ab07702986c",
        "type": "github"
      },
      "original": {
        "owner": "wyuenho",
        "repo": "all-the-icons-dired",
        "type": "github"
      }
    },
    "apheleia": {
      "flake": false,
      "locked": {
        "lastModified": 1729211732,
        "narHash": "sha256-qQQDMRF6EJ1BFVl+062dvzet+KEG38KzOPY+immP85Y=",
        "owner": "radian-software",
        "repo": "apheleia",
        "rev": "429daf5f28859c265aaf8e0e27682785a3f506a2",
        "type": "github"
      },
      "original": {
        "owner": "radian-software",
        "repo": "apheleia",
        "type": "github"
      }
    },
    "avy": {
      "flake": false,
      "locked": {
        "lastModified": 1730469433,
        "narHash": "sha256-p4IY1gksiC6YonDvaccISEbp6glz2AJoLgHzsc5fbvQ=",
        "owner": "abo-abo",
        "repo": "avy",
        "rev": "933d1f36cca0f71e4acb5fac707e9ae26c536264",
        "type": "github"
      },
      "original": {
        "owner": "abo-abo",
        "repo": "avy",
        "type": "github"
      }
    },
    "blackout": {
      "flake": false,
      "locked": {
        "lastModified": 1652140206,
        "narHash": "sha256-uRC5Khbx6ecsGE1mnWrC4XZy/Z/yqeSOwSqQ1uz+Z9I=",
        "owner": "radian-software",
        "repo": "blackout",
        "rev": "7707211370f03f03a2f74df15f42ac24a1e99300",
        "type": "github"
      },
      "original": {
        "owner": "radian-software",
        "repo": "blackout",
        "type": "github"
      }
    },
    "breadcrumb": {
      "flake": false,
      "locked": {
        "lastModified": 1701036981,
        "narHash": "sha256-toWIJ/rlKNsAxH/LLZRF084nQ5gfCJYWbB+9pJN8YgY=",
        "owner": "joaotavora",
        "repo": "breadcrumb",
        "rev": "dcb6e2e82de2432d8eb75be74c8d6215fc97a2d3",
        "type": "github"
      },
      "original": {
        "owner": "joaotavora",
        "repo": "breadcrumb",
        "type": "github"
      }
    },
    "browse-at-remote": {
      "flake": false,
      "locked": {
        "lastModified": 1677131715,
        "narHash": "sha256-8MfUypwYDIEbpW9+LiwLuHFS84EumGNiZMEThAPSJSY=",
        "owner": "rmuslimov",
        "repo": "browse-at-remote",
        "rev": "76aa27dfd469fcae75ed7031bb73830831aaccbf",
        "type": "github"
      },
      "original": {
        "owner": "rmuslimov",
        "repo": "browse-at-remote",
        "type": "github"
      }
    },
    "bufler": {
      "flake": false,
      "locked": {
        "lastModified": 1710222765,
        "narHash": "sha256-fYW9rjoMhmkD17TvQxNWlfcst2ZI4DQOaha9QkCUgTY=",
        "owner": "alphapapa",
        "repo": "bufler.el",
        "rev": "ef3b28bbdcb1e813a1d5b06a91d09774998967c5",
        "type": "github"
      },
      "original": {
        "owner": "alphapapa",
        "repo": "bufler.el",
        "type": "github"
      }
    },
    "burly": {
      "flake": false,
      "locked": {
        "lastModified": 1722059111,
        "narHash": "sha256-Sav0xOopQtZ8fZUmASqphQo48em8oRICOO+lVfUvGKM=",
        "owner": "alphapapa",
        "repo": "burly.el",
        "rev": "d5b7133b5b629dd6bca29bb16660a9e472e82e25",
        "type": "github"
      },
      "original": {
        "owner": "alphapapa",
        "repo": "burly.el",
        "type": "github"
      }
    },
    "cape": {
      "flake": false,
      "locked": {
        "lastModified": 1730797086,
        "narHash": "sha256-8YzrbRdDF6/KFpz6aXDgxDyHAb+GPXDBkQpovhXrS8Y=",
        "owner": "minad",
        "repo": "cape",
        "rev": "74c3501ecd19ec9af0d30c16c10ded47dc995ffa",
        "type": "github"
      },
      "original": {
        "owner": "minad",
        "repo": "cape",
        "type": "github"
      }
    },
    "cognitive-complexity": {
      "flake": false,
      "locked": {
        "lastModified": 1722551784,
        "narHash": "sha256-lEt8eYGE7d/xfUOxXgr0g5bm5xAShjY9HeBgZ12vjnc=",
        "owner": "emacs-vs",
        "repo": "cognitive-complexity",
        "rev": "8b9451fd88c9a730941ff24bb714e63379e25332",
        "type": "github"
      },
      "original": {
        "owner": "emacs-vs",
        "repo": "cognitive-complexity",
        "type": "github"
      }
    },
    "compat": {
      "flake": false,
      "locked": {
        "lastModified": 1731228545,
        "narHash": "sha256-SpZ3dnc2eveo9PGMWesF1mJkLQELahuYSVZAMQi22Nk=",
        "owner": "emacs-compat",
        "repo": "compat",
        "rev": "666205866c8e4cd63c6478683feea8b2fa756444",
        "type": "github"
      },
      "original": {
        "owner": "emacs-compat",
        "repo": "compat",
        "type": "github"
      }
    },
    "consult": {
      "flake": false,
      "locked": {
        "lastModified": 1730842432,
        "narHash": "sha256-ogq3JIzcr5XKUsg7BZ9FhTKfRsPR6Nmtd3HPhSHm/jQ=",
        "owner": "minad",
        "repo": "consult",
        "rev": "7a7af8dcdda02b9aa4a680a228b3f3a5cfa95334",
        "type": "github"
      },
      "original": {
        "owner": "minad",
        "repo": "consult",
        "type": "github"
      }
    },
    "consult-dir": {
      "flake": false,
      "locked": {
        "lastModified": 1714963005,
        "narHash": "sha256-tZlhmvVmt+mr5TaEw77YefNuq6vJBuByYFxFY3gYCcs=",
        "owner": "karthink",
        "repo": "consult-dir",
        "rev": "15891383f34d43acc5bb82bda92239b1f54cf178",
        "type": "github"
      },
      "original": {
        "owner": "karthink",
        "repo": "consult-dir",
        "type": "github"
      }
    },
    "consult-eglot": {
      "flake": false,
      "locked": {
        "lastModified": 1731014741,
        "narHash": "sha256-zZp/Gst0rargLkbr7Ugmyc17awmlu6DZr8Az/M147lA=",
        "owner": "mohkale",
        "repo": "consult-eglot",
        "rev": "c5f87d92448cd9c22a33ebd1feb54ca2fb89afa8",
        "type": "github"
      },
      "original": {
        "owner": "mohkale",
        "repo": "consult-eglot",
        "type": "github"
      }
    },
    "consult-todo": {
      "flake": false,
      "locked": {
        "lastModified": 1730174983,
        "narHash": "sha256-iiaoRr+DkvS4RsJLAI4Wg/Z8uyK25kEFnuZeTjLnu/Y=",
        "owner": "liuyinz",
        "repo": "consult-todo",
        "rev": "bd67bca32a69bf09f137cacb01c0310da9e76575",
        "type": "github"
      },
      "original": {
        "owner": "liuyinz",
        "repo": "consult-todo",
        "type": "github"
      }
    },
    "consult-xref-stack": {
      "flake": false,
      "locked": {
        "lastModified": 1732577615,
        "narHash": "sha256-TUACrdK/AxwFn7/HFuaHGkq0hscVtPIXy4TDf0rLYqo=",
        "owner": "brett-lempereur",
        "repo": "consult-xref-stack",
        "rev": "aa9bbf7a3ff43353b7c10595b3d13887b213466b",
        "type": "github"
      },
      "original": {
        "owner": "brett-lempereur",
        "repo": "consult-xref-stack",
        "type": "github"
      }
    },
    "corfu": {
      "flake": false,
      "locked": {
        "lastModified": 1730842315,
        "narHash": "sha256-G4o5e3kLJ8E+hiWeu/rRRVmROPs8s8v5KbCdOTT05KA=",
        "owner": "minad",
        "repo": "corfu",
        "rev": "f6b5ec1069b6d0bfb8b8109b1667086aa55f84a5",
        "type": "github"
      },
      "original": {
        "owner": "minad",
        "repo": "corfu",
        "type": "github"
      }
    },
    "dape": {
      "flake": false,
      "locked": {
        "lastModified": 1731246456,
        "narHash": "sha256-tzyFsSKTezBixrOlYPDuoXFOg5IUvFrDtrgY/1Wbrlk=",
        "owner": "svaante",
        "repo": "dape",
        "rev": "1c84eb81add5df6ac7f3e4b485b7d7d11049a09e",
        "type": "github"
      },
      "original": {
        "owner": "svaante",
        "repo": "dape",
        "type": "github"
      }
    },
    "dash": {
      "flake": false,
      "locked": {
        "lastModified": 1715347628,
        "narHash": "sha256-at42NCcdF9g7a55asnOCSqsvG+XhWuvVsHFT6kU9f9o=",
        "owner": "magnars",
        "repo": "dash.el",
        "rev": "1de9dcb83eacfb162b6d9a118a4770b1281bcd84",
        "type": "github"
      },
      "original": {
        "owner": "magnars",
        "repo": "dash.el",
        "type": "github"
      }
    },
    "devdocs": {
      "flake": false,
      "locked": {
        "lastModified": 1728175897,
        "narHash": "sha256-8yYYWv6kLgzwE6tWHU4JnJYKKd+hOKFj3U/DJLDPqVo=",
        "owner": "astoff",
        "repo": "devdocs.el",
        "rev": "98518166efe18c2f2dd9a1c4c89430b83fdbbe3c",
        "type": "github"
      },
      "original": {
        "owner": "astoff",
        "repo": "devdocs.el",
        "type": "github"
      }
    },
    "diff-hl": {
      "flake": false,
      "locked": {
        "lastModified": 1728769353,
        "narHash": "sha256-OFkmtMeY0qtkacO9802JNhZFyDczXYCkUllYkbbAlDU=",
        "owner": "dgutov",
        "repo": "diff-hl",
        "rev": "9e39dfc666ac03a8474b3a05da17e0c935894414",
        "type": "github"
      },
      "original": {
        "owner": "dgutov",
        "repo": "diff-hl",
        "type": "github"
      }
    },
    "diredfl": {
      "flake": false,
      "locked": {
        "lastModified": 1730964048,
        "narHash": "sha256-EAWcrGHlY9jfVaDx9xhLB67ZJMN8xnx7/F9Ldh6ApIk=",
        "owner": "purcell",
        "repo": "diredfl",
        "rev": "cd6cabf8a74499b128011e356b9f5e3568f0bef4",
        "type": "github"
      },
      "original": {
        "owner": "purcell",
        "repo": "diredfl",
        "type": "github"
      }
    },
    "editorconfig": {
      "flake": false,
      "locked": {
        "lastModified": 1730052935,
        "narHash": "sha256-ucTipCiDstMCZnx/hZo7bdMpR2LV3W1+ObZRRca/Bfo=",
        "owner": "editorconfig",
        "repo": "editorconfig-emacs",
        "rev": "24f5b2b1cd4e37adc245fb59f7edeb6872a707a4",
        "type": "github"
      },
      "original": {
        "owner": "editorconfig",
        "repo": "editorconfig-emacs",
        "type": "github"
      }
    },
    "eglot-booster": {
      "flake": false,
      "locked": {
        "lastModified": 1730187731,
        "narHash": "sha256-PLfaXELkdX5NZcSmR1s/kgmU16ODF8bn56nfTh9g6bs=",
        "owner": "jdtsmith",
        "repo": "eglot-booster",
        "rev": "e6daa6bcaf4aceee29c8a5a949b43eb1b89900ed",
        "type": "github"
      },
      "original": {
        "owner": "jdtsmith",
        "repo": "eglot-booster",
        "type": "github"
      }
    },
    "embark": {
      "flake": false,
      "locked": {
        "lastModified": 1727985209,
        "narHash": "sha256-dpc08wxgZzosRJs6Cc2f7fCf1x83DZC9vL0sQ20054I=",
        "owner": "oantolin",
        "repo": "embark",
        "rev": "d2daad08e04090391b3221fa95000492a1f8aabe",
        "type": "github"
      },
      "original": {
        "owner": "oantolin",
        "repo": "embark",
        "type": "github"
      }
    },
    "embark-consult": {
      "flake": false,
      "locked": {
        "lastModified": 1727985209,
        "narHash": "sha256-dpc08wxgZzosRJs6Cc2f7fCf1x83DZC9vL0sQ20054I=",
        "owner": "oantolin",
        "repo": "embark",
        "rev": "d2daad08e04090391b3221fa95000492a1f8aabe",
        "type": "github"
      },
      "original": {
        "owner": "oantolin",
        "repo": "embark",
        "type": "github"
      }
    },
    "envrc": {
      "flake": false,
      "locked": {
        "lastModified": 1732635925,
        "narHash": "sha256-yWB/n8X1L4nIVwEf16dJAlqnCMdwpGwiAdwEbeuBHeg=",
        "owner": "purcell",
        "repo": "envrc",
        "rev": "60f509153828c45a0e05e11a4d83b2b1798f0706",
        "type": "github"
      },
      "original": {
        "owner": "purcell",
        "repo": "envrc",
        "type": "github"
      }
    },
    "f": {
      "flake": false,
      "locked": {
        "lastModified": 1727955076,
        "narHash": "sha256-rDUl2oUlcnSjNbFZn9A/80RVk6neaTScw2kvh6FjmTE=",
        "owner": "rejeep",
        "repo": "f.el",
        "rev": "931b6d0667fe03e7bf1c6c282d6d8d7006143c52",
        "type": "github"
      },
      "original": {
        "owner": "rejeep",
        "repo": "f.el",
        "type": "github"
      }
    },
    "git-timemachine": {
      "flake": false,
      "locked": {
        "lastModified": 1714209860,
        "narHash": "sha256-yno792JTPADWdv2abTNIxCYJcOWx7PVh8r6C0cGXTOQ=",
        "ref": "refs/heads/master",
        "rev": "3780835fcd67c3703ffa768206121851e6895ece",
        "revCount": 134,
        "type": "git",
        "url": "https://codeberg.org/pidu/git-timemachine.git"
      },
      "original": {
        "type": "git",
        "url": "https://codeberg.org/pidu/git-timemachine.git"
      }
    },
    "go-mode": {
      "flake": false,
      "locked": {
        "lastModified": 1719779047,
        "narHash": "sha256-VSia+hKBU7nwUOXZ1Ou+gBwPE1mWaTbsunQGCM22+w0=",
        "owner": "dominikh",
        "repo": "go-mode.el",
        "rev": "602d73e22646b1b98b2eb97927fd426c0d1d2f92",
        "type": "github"
      },
      "original": {
        "owner": "dominikh",
        "repo": "go-mode.el",
        "type": "github"
      }
    },
    "gumshoe": {
      "flake": false,
      "locked": {
        "lastModified": 1725313067,
        "narHash": "sha256-bl0ekbnBTHdf4zfcFSwMJF44vuv7hQADVKpBujAzt48=",
        "owner": "Overdr0ne",
        "repo": "gumshoe",
        "rev": "f84bec6057506ec3f145cd3e06b320f1e40efcdf",
        "type": "github"
      },
      "original": {
        "owner": "Overdr0ne",
        "repo": "gumshoe",
        "type": "github"
      }
    },
    "hl-todo": {
      "flake": false,
      "locked": {
        "lastModified": 1722869069,
        "narHash": "sha256-yB36gvHli/JW5Q5msDjCZvaM9DnXCicTUf3cdtk6oQM=",
        "owner": "tarsius",
        "repo": "hl-todo",
        "rev": "82eba6b8f7b5a4cbcf22436d5c5b88fb3134f57e",
        "type": "github"
      },
      "original": {
        "owner": "tarsius",
        "repo": "hl-todo",
        "type": "github"
      }
    },
    "hydra": {
      "flake": false,
      "locked": {
        "lastModified": 1662811567,
        "narHash": "sha256-tZmYPUN6bgn+6zWbKmqhpCoD4kcrRCn9i6SC1e8Ed9k=",
        "owner": "abo-abo",
        "repo": "hydra",
        "rev": "317e1de33086637579a7aeb60f77ed0405bf359b",
        "type": "github"
      },
      "original": {
        "owner": "abo-abo",
        "repo": "hydra",
        "type": "github"
      }
    },
    "inheritenv": {
      "flake": false,
      "locked": {
        "lastModified": 1730963908,
        "narHash": "sha256-AEaypAB7bzzmiKGOrh7ZpeU9pCyePI78fYL4qAuoJE0=",
        "owner": "purcell",
        "repo": "inheritenv",
        "rev": "43808af6e31c015b518ff4b411cfc33cc24f7e3e",
        "type": "github"
      },
      "original": {
        "owner": "purcell",
        "repo": "inheritenv",
        "type": "github"
      }
    },
    "jinx": {
      "flake": false,
      "locked": {
        "lastModified": 1730842345,
        "narHash": "sha256-TYkaozKlqwHl4R3fiIuOXW5YgrW2UUCyyYH+aNMOGk4=",
        "owner": "minad",
        "repo": "jinx",
        "rev": "c44d2517cfbe2214e7e2840e16ad1ad739e1c1a4",
        "type": "github"
      },
      "original": {
        "owner": "minad",
        "repo": "jinx",
        "type": "github"
      }
    },
    "kind-icon": {
      "flake": false,
      "locked": {
        "lastModified": 1721235824,
        "narHash": "sha256-7KirERj5U74viJ0/DLlr5nv/VzNLQnKPpQ/fJeVt3W8=",
        "owner": "jdtsmith",
        "repo": "kind-icon",
        "rev": "b206898fb004bb0f3e0e3bbb9bd630342770db7d",
        "type": "github"
      },
      "original": {
        "owner": "jdtsmith",
        "repo": "kind-icon",
        "type": "github"
      }
    },
    "lsp-snippet": {
      "flake": false,
      "locked": {
        "lastModified": 1728676136,
        "narHash": "sha256-xf4rfL2bxlIZuxsNYEEvczmDjKiitRYuq4vNHC67FYA=",
        "owner": "svaante",
        "repo": "lsp-snippet",
        "rev": "9de687d92c15b96b08d8354ab7f792a31b243246",
        "type": "github"
      },
      "original": {
        "owner": "svaante",
        "repo": "lsp-snippet",
        "type": "github"
      }
    },
    "lsp-snippet-tempel": {
      "flake": false,
      "locked": {
        "lastModified": 1728676136,
        "narHash": "sha256-xf4rfL2bxlIZuxsNYEEvczmDjKiitRYuq4vNHC67FYA=",
        "owner": "svaante",
        "repo": "lsp-snippet",
        "rev": "9de687d92c15b96b08d8354ab7f792a31b243246",
        "type": "github"
      },
      "original": {
        "owner": "svaante",
        "repo": "lsp-snippet",
        "type": "github"
      }
    },
    "lv": {
      "flake": false,
      "locked": {
        "lastModified": 1662811567,
        "narHash": "sha256-tZmYPUN6bgn+6zWbKmqhpCoD4kcrRCn9i6SC1e8Ed9k=",
        "owner": "abo-abo",
        "repo": "hydra",
        "rev": "317e1de33086637579a7aeb60f77ed0405bf359b",
        "type": "github"
      },
      "original": {
        "owner": "abo-abo",
        "repo": "hydra",
        "type": "github"
      }
    },
    "magit": {
      "flake": false,
      "locked": {
        "lastModified": 1730904083,
        "narHash": "sha256-dNpCcL6RwW2nYwOTI55BYzfq+5JaxtqPZN40IE2ALOg=",
        "owner": "magit",
        "repo": "magit",
        "rev": "1c30bb1f9fb0668ec385fc3fb899b30d5507fad8",
        "type": "github"
      },
      "original": {
        "owner": "magit",
        "repo": "magit",
        "type": "github"
      }
    },
    "magit-delta": {
      "flake": false,
      "locked": {
        "lastModified": 1643071831,
        "narHash": "sha256-PM79aVdjjuBNgHqiu215EWdjHf6/sWunezcI31Iu8M4=",
        "owner": "dandavison",
        "repo": "magit-delta",
        "rev": "5fc7dbddcfacfe46d3fd876172ad02a9ab6ac616",
        "type": "github"
      },
      "original": {
        "owner": "dandavison",
        "repo": "magit-delta",
        "type": "github"
      }
    },
    "magit-section": {
      "flake": false,
      "locked": {
        "lastModified": 1730904083,
        "narHash": "sha256-dNpCcL6RwW2nYwOTI55BYzfq+5JaxtqPZN40IE2ALOg=",
        "owner": "magit",
        "repo": "magit",
        "rev": "1c30bb1f9fb0668ec385fc3fb899b30d5507fad8",
        "type": "github"
      },
      "original": {
        "owner": "magit",
        "repo": "magit",
        "type": "github"
      }
    },
    "marginalia": {
      "flake": false,
      "locked": {
        "lastModified": 1727342301,
        "narHash": "sha256-UsPO3ypy6723zhsa+5T/QrUDSghIVkNhR8IQZ6b0L+Q=",
        "owner": "minad",
        "repo": "marginalia",
        "rev": "be2e57efff640880251c082ac93bd365b7202e6a",
        "type": "github"
      },
      "original": {
        "owner": "minad",
        "repo": "marginalia",
        "type": "github"
      }
    },
    "markdown-mode": {
      "flake": false,
      "locked": {
        "lastModified": 1730951379,
        "narHash": "sha256-STPFVEANzFbE4jgWE0Y/sIVwm+Iqax4VUyrEjEV3kRM=",
        "owner": "jrblevin",
        "repo": "markdown-mode",
        "rev": "6f59f72ca040f0199aa72f1ae4f6c364de61cac0",
        "type": "github"
      },
      "original": {
        "owner": "jrblevin",
        "repo": "markdown-mode",
        "type": "github"
      }
    },
    "modus-themes": {
      "flake": false,
      "locked": {
        "lastModified": 1730967397,
        "narHash": "sha256-/nDYEZ/w++WwRcmRaw4bPSLTlKDwfXaoSIT7sJEYA3o=",
        "owner": "protesilaos",
        "repo": "modus-themes",
        "rev": "891bd2913c1455bc06674db8c9b4a5f03e9d9e45",
        "type": "github"
      },
      "original": {
        "owner": "protesilaos",
        "repo": "modus-themes",
        "type": "github"
      }
    },
    "nerd-icons": {
      "flake": false,
      "locked": {
        "lastModified": 1730907208,
        "narHash": "sha256-D3NXQE8yu+sDcpXTDndoqcaTnJlvLmVs3kvWfjflaJo=",
        "owner": "rainstormstudio",
        "repo": "nerd-icons.el",
        "rev": "a6ee08f1619bcde1a69b2defcfe8970c983640c1",
        "type": "github"
      },
      "original": {
        "owner": "rainstormstudio",
        "repo": "nerd-icons.el",
        "type": "github"
      }
    },
    "nerd-icons-completion": {
      "flake": false,
      "locked": {
        "lastModified": 1722427995,
        "narHash": "sha256-VSPgyT1c/KSjcWjqt1C+BOvNHzgM92SYCxuNnVj3cw4=",
        "owner": "rainstormstudio",
        "repo": "nerd-icons-completion",
        "rev": "426a1d7c29a04ae8e6ae9b55b0559f11a1e8b420",
        "type": "github"
      },
      "original": {
        "owner": "rainstormstudio",
        "repo": "nerd-icons-completion",
        "type": "github"
      }
    },
    "nerd-icons-dired": {
      "flake": false,
      "locked": {
        "lastModified": 1728785575,
        "narHash": "sha256-yoiwuf90qhwzSGQgaXZb+Zo+cTxjeEIt6NoZKQb8mMc=",
        "owner": "rainstormstudio",
        "repo": "nerd-icons-dired",
        "rev": "c0b0cda2b92f831d0f764a7e8c0c6728d6a27774",
        "type": "github"
      },
      "original": {
        "owner": "rainstormstudio",
        "repo": "nerd-icons-dired",
        "type": "github"
      }
    },
    "nix-ts-mode": {
      "flake": false,
      "locked": {
        "lastModified": 1730137310,
        "narHash": "sha256-5jQ5zunlxjXtM/p0L8jJdK11qPiYpT0t6WPAzvK6Wjw=",
        "owner": "nix-community",
        "repo": "nix-ts-mode",
        "rev": "6b6982427a0bfe4da3414d47d903b0eb2800dcef",
        "type": "github"
      },
      "original": {
        "owner": "nix-community",
        "repo": "nix-ts-mode",
        "type": "github"
      }
    },
    "orderless": {
      "flake": false,
      "locked": {
        "lastModified": 1727342460,
        "narHash": "sha256-JXOAWUy48Dpy3FHQm1AeReb4JOvXmwFJYaB1V0DoPkY=",
        "owner": "oantolin",
        "repo": "orderless",
        "rev": "96b74d2450ab4ab1a175d0e86c62f6695c4709b5",
        "type": "github"
      },
      "original": {
        "owner": "oantolin",
        "repo": "orderless",
        "type": "github"
      }
    },
    "org": {
      "flake": false,
      "locked": {
        "lastModified": 1731160958,
        "narHash": "sha256-j7B7uj78NrsydiAZi6J5ZkLzzAfaBjjhVuntqTihdp0=",
        "ref": "bugfix",
        "rev": "ba9734aedc22ef70a0263cfe9bc766d4a167919f",
        "revCount": 27784,
        "type": "git",
        "url": "https://git.savannah.gnu.org/git/emacs/org-mode.git"
      },
      "original": {
        "ref": "bugfix",
        "type": "git",
        "url": "https://git.savannah.gnu.org/git/emacs/org-mode.git"
      }
    },
    "pretty-hydra": {
      "flake": false,
      "locked": {
        "lastModified": 1696366213,
        "narHash": "sha256-CVFKPTJUz6EA6uMKA9guSV8cHU7iLUCDf+wvn8qFT3E=",
        "owner": "jerrypnz",
        "repo": "major-mode-hydra.el",
        "rev": "d0a5dadee97c3752fcdef113cf2ba1923972a480",
        "type": "github"
      },
      "original": {
        "owner": "jerrypnz",
        "repo": "major-mode-hydra.el",
        "type": "github"
      }
    },
    "python-pytest": {
      "flake": false,
      "locked": {
        "lastModified": 1730831466,
        "narHash": "sha256-c8tbMnQ8Q7sPBSaFb9ZcIy7IhSdkPXIXG5PeQzNSy7Q=",
        "owner": "wbolster",
        "repo": "emacs-python-pytest",
        "rev": "25d9801562a789ea5debceb1992bd528ebb4f689",
        "type": "github"
      },
      "original": {
        "owner": "wbolster",
        "repo": "emacs-python-pytest",
        "type": "github"
      }
    },
    "repeat-help": {
      "flake": false,
      "locked": {
        "lastModified": 1674001469,
        "narHash": "sha256-dW712mEo9qT5XwKqDFrUs92ihJFH2EIKVJIlj75Y3NI=",
        "owner": "karthink",
        "repo": "repeat-help",
        "rev": "41dea6fba2edd6ac748d0ca7a6da4058290feede",
        "type": "github"
      },
      "original": {
        "owner": "karthink",
        "repo": "repeat-help",
        "type": "github"
      }
    },
    "request": {
      "flake": false,
      "locked": {
        "lastModified": 1674793058,
        "narHash": "sha256-WOaAoM44yF0E9o0G3NoN198i7l5fGnBJwNCGtbyWMKs=",
        "owner": "tkf",
        "repo": "emacs-request",
        "rev": "01e338c335c07e4407239619e57361944a82cb8a",
        "type": "github"
      },
      "original": {
        "owner": "tkf",
        "repo": "emacs-request",
        "type": "github"
      }
    },
    "root": {
      "inputs": {
        "ace-window": "ace-window",
        "activity-watch-mode": "activity-watch-mode",
        "all-the-icons": "all-the-icons",
        "all-the-icons-completion": "all-the-icons-completion",
        "all-the-icons-dired": "all-the-icons-dired",
        "apheleia": "apheleia",
        "avy": "avy",
        "blackout": "blackout",
        "breadcrumb": "breadcrumb",
        "browse-at-remote": "browse-at-remote",
        "bufler": "bufler",
        "burly": "burly",
        "cape": "cape",
        "cognitive-complexity": "cognitive-complexity",
        "compat": "compat",
        "consult": "consult",
        "consult-dir": "consult-dir",
        "consult-eglot": "consult-eglot",
        "consult-todo": "consult-todo",
        "consult-xref-stack": "consult-xref-stack",
        "corfu": "corfu",
        "dape": "dape",
        "dash": "dash",
        "devdocs": "devdocs",
        "diff-hl": "diff-hl",
        "diredfl": "diredfl",
        "editorconfig": "editorconfig",
        "eglot-booster": "eglot-booster",
        "embark": "embark",
        "embark-consult": "embark-consult",
        "envrc": "envrc",
        "f": "f",
        "git-timemachine": "git-timemachine",
        "go-mode": "go-mode",
        "gumshoe": "gumshoe",
        "hl-todo": "hl-todo",
        "hydra": "hydra",
        "inheritenv": "inheritenv",
        "jinx": "jinx",
        "kind-icon": "kind-icon",
        "lsp-snippet": "lsp-snippet",
        "lsp-snippet-tempel": "lsp-snippet-tempel",
        "lv": "lv",
        "magit": "magit",
        "magit-delta": "magit-delta",
        "magit-section": "magit-section",
        "marginalia": "marginalia",
        "markdown-mode": "markdown-mode",
        "modus-themes": "modus-themes",
        "nerd-icons": "nerd-icons",
        "nerd-icons-completion": "nerd-icons-completion",
        "nerd-icons-dired": "nerd-icons-dired",
        "nix-ts-mode": "nix-ts-mode",
        "orderless": "orderless",
        "org": "org",
        "pretty-hydra": "pretty-hydra",
        "python-pytest": "python-pytest",
        "repeat-help": "repeat-help",
        "request": "request",
        "rust-mode": "rust-mode",
        "rustic": "rustic",
        "s": "s",
        "spinner": "spinner",
        "svg-lib": "svg-lib",
        "tempel": "tempel",
        "tldr": "tldr",
        "transpose-frame": "transpose-frame",
        "vertico": "vertico",
        "vundo": "vundo",
        "wgrep": "wgrep",
        "whitespace-cleanup-mode": "whitespace-cleanup-mode",
        "with-editor": "with-editor",
        "xterm-color": "xterm-color",
        "zig-ts-mode": "zig-ts-mode"
      }
    },
    "rust-mode": {
      "flake": false,
      "locked": {
        "lastModified": 1726787222,
        "narHash": "sha256-EpErDdGTTI8lvquoZTZEV1ixV/wVsQxs57W68L1TVc0=",
        "owner": "rust-lang",
        "repo": "rust-mode",
        "rev": "3bd0863f28414e629ca15ad2852a429a126226c5",
        "type": "github"
      },
      "original": {
        "owner": "rust-lang",
        "repo": "rust-mode",
        "type": "github"
      }
    },
    "rustic": {
      "flake": false,
      "locked": {
        "lastModified": 1731223761,
        "narHash": "sha256-j4+Ut2xw8/yG5HgSZ8GinUWsoATAmmN8qqyJ/sTcm08=",
        "owner": "emacs-rustic",
        "repo": "rustic",
        "rev": "9fdf5c76b20cfc2985d518b3a4ae7b9634b39999",
        "type": "github"
      },
      "original": {
        "owner": "emacs-rustic",
        "repo": "rustic",
        "type": "github"
      }
    },
    "s": {
      "flake": false,
      "locked": {
        "lastModified": 1681482914,
        "narHash": "sha256-fbF/SyPwEiJICaPBq0xWj2yLWjdNwkaLF2iYvZ2EO1k=",
        "owner": "magnars",
        "repo": "s.el",
        "rev": "dda84d38fffdaf0c9b12837b504b402af910d01d",
        "type": "github"
      },
      "original": {
        "owner": "magnars",
        "repo": "s.el",
        "type": "github"
      }
    },
    "spinner": {
      "flake": false,
      "locked": {
        "lastModified": 1663246199,
        "narHash": "sha256-Ad6J3xGUWD+WDP3BbsgKvxJb90VMOkjJuIt/fhBu+rs=",
        "owner": "Malabarba",
        "repo": "spinner.el",
        "rev": "d4647ae87fb0cd24bc9081a3d287c860ff061c21",
        "type": "github"
      },
      "original": {
        "owner": "Malabarba",
        "repo": "spinner.el",
        "type": "github"
      }
    },
    "svg-lib": {
      "flake": false,
      "locked": {
        "lastModified": 1708359207,
        "narHash": "sha256-nF0Pv6a02YV7bJqyLPxlQmw0NcR3X9rTX+ea/KFqvTE=",
        "owner": "rougier",
        "repo": "svg-lib",
        "rev": "39621cd178dbf903414156d893c1eefe217b7c29",
        "type": "github"
      },
      "original": {
        "owner": "rougier",
        "repo": "svg-lib",
        "type": "github"
      }
    },
    "tempel": {
      "flake": false,
      "locked": {
        "lastModified": 1730480482,
        "narHash": "sha256-XTrXvgGdpCDbDUeJSYcx8i4mvbLfru1+M9alCa+BuGA=",
        "owner": "minad",
        "repo": "tempel",
        "rev": "1ab4233b5665f74ff5481e480325bb106982467f",
        "type": "github"
      },
      "original": {
        "owner": "minad",
        "repo": "tempel",
        "type": "github"
      }
    },
    "tldr": {
      "flake": false,
      "locked": {
        "lastModified": 1677634598,
        "narHash": "sha256-e9Nvnusx5lQzTlctO6sZJOwLUKSQvq8pWbYSvaEvu2E=",
        "owner": "kuanyui",
        "repo": "tldr.el",
        "rev": "1b09d2032491d3904bd7ee9bf5ba7c7503db6593",
        "type": "github"
      },
      "original": {
        "owner": "kuanyui",
        "repo": "tldr.el",
        "type": "github"
      }
    },
    "transpose-frame": {
      "flake": false,
      "locked": {
        "lastModified": 1668027203,
        "narHash": "sha256-fq+pLV+dqbNMcDkluFzGUjDQeUGj84IQdzif5r/t2YA=",
        "owner": "emacsorphanage",
        "repo": "transpose-frame",
        "rev": "94c87794d53883a2358d13da264ad8dab9a52daa",
        "type": "github"
      },
      "original": {
        "owner": "emacsorphanage",
        "repo": "transpose-frame",
        "type": "github"
      }
    },
    "vertico": {
      "flake": false,
      "locked": {
        "lastModified": 1730842260,
        "narHash": "sha256-KaMsCcHORFTUobWVZ5orJpLGBXfPBdq597fm/EoLTXM=",
        "owner": "minad",
        "repo": "vertico",
        "rev": "b0f9e7679be590b976576e4056b6af4b31212ab0",
        "type": "github"
      },
      "original": {
        "owner": "minad",
        "repo": "vertico",
        "type": "github"
      }
    },
    "vundo": {
      "flake": false,
      "locked": {
        "lastModified": 1714104797,
        "narHash": "sha256-2CTtDGXB9puk/MK1PId0zJllK2vHSw728Wbft3dfEak=",
        "owner": "casouri",
        "repo": "vundo",
        "rev": "ca590c571546eb1d38c855216db11d28135892f2",
        "type": "github"
      },
      "original": {
        "owner": "casouri",
        "repo": "vundo",
        "type": "github"
      }
    },
    "wgrep": {
      "flake": false,
      "locked": {
        "lastModified": 1702728594,
        "narHash": "sha256-82cK3D1JZXr0XIx4P8HiWwfsQMttvqBNHHD9bC60Cmw=",
        "owner": "mhayashi1120",
        "repo": "Emacs-wgrep",
        "rev": "208b9d01cfffa71037527e3a324684b3ce45ddc4",
        "type": "github"
      },
      "original": {
        "owner": "mhayashi1120",
        "repo": "Emacs-wgrep",
        "type": "github"
      }
    },
    "whitespace-cleanup-mode": {
      "flake": false,
      "locked": {
        "lastModified": 1730964504,
        "narHash": "sha256-9JLqmips+bNfGIMrHcEVTX5Q3XHAEjYSqRKq8s+AWUk=",
        "owner": "purcell",
        "repo": "whitespace-cleanup-mode",
        "rev": "0c9b795d78e2b230c426684af59c71794f2fc8b0",
        "type": "github"
      },
      "original": {
        "owner": "purcell",
        "repo": "whitespace-cleanup-mode",
        "type": "github"
      }
    },
    "with-editor": {
      "flake": false,
      "locked": {
        "lastModified": 1725143435,
        "narHash": "sha256-+tDAxhliQJiKAZUVfX/bQbqjPEjB7p5jX7XoLf/5Bs0=",
        "owner": "magit",
        "repo": "with-editor",
        "rev": "77cb2403158cfea9d8bfb8adad81b84d1d6d7c6a",
        "type": "github"
      },
      "original": {
        "owner": "magit",
        "repo": "with-editor",
        "type": "github"
      }
    },
    "xterm-color": {
      "flake": false,
      "locked": {
        "lastModified": 1679357033,
        "narHash": "sha256-mj41auz6ukrcfBcQJLzHKcZ32o2tBoLBesSRNK7Sxv8=",
        "owner": "atomontage",
        "repo": "xterm-color",
        "rev": "2ad407c651e90fff2ea85d17bf074cee2c022912",
        "type": "github"
      },
      "original": {
        "owner": "atomontage",
        "repo": "xterm-color",
        "type": "github"
      }
    },
    "zig-ts-mode": {
      "flake": false,
      "locked": {
        "lastModified": 1729952825,
        "narHash": "sha256-vstl13IWwAxaQTsy/bn/uCet4Oxm2edKjmwREfhNAk8=",
        "ref": "refs/heads/main",
        "rev": "020500ac3c9ac2cadedccb5cd6c506eb38327443",
        "revCount": 29,
        "type": "git",
        "url": "https://codeberg.org/meow_king/zig-ts-mode.git"
      },
      "original": {
        "type": "git",
        "url": "https://codeberg.org/meow_king/zig-ts-mode.git"
      }
    }
  },
  "root": "root",
  "version": 7
}
